// !$*UTF8*$!
{
	archiveVersion = 1;
	classes = {
	};
	objectVersion = 46;
	objects = {

/* Begin PBXBuildFile section */
		0E1E9AA530EB501AE76C23BA /* Pods_BringgDriverSdkIosExample.framework in Frameworks */ = {isa = PBXBuildFile; fileRef = E33088175B9CD291C1C93138 /* Pods_BringgDriverSdkIosExample.framework */; };
		13B07FBC1A68108700A75B9A /* AppDelegate.m in Sources */ = {isa = PBXBuildFile; fileRef = 13B07FB01A68108700A75B9A /* AppDelegate.m */; };
		13B07FBD1A68108700A75B9A /* LaunchScreen.xib in Resources */ = {isa = PBXBuildFile; fileRef = 13B07FB11A68108700A75B9A /* LaunchScreen.xib */; };
		13B07FBF1A68108700A75B9A /* Images.xcassets in Resources */ = {isa = PBXBuildFile; fileRef = 13B07FB51A68108700A75B9A /* Images.xcassets */; };
		13B07FC11A68108700A75B9A /* main.m in Sources */ = {isa = PBXBuildFile; fileRef = 13B07FB71A68108700A75B9A /* main.m */; };
		46CE74AC247A94F300C08A0B /* File.swift in Sources */ = {isa = PBXBuildFile; fileRef = 46CE74AB247A94F300C08A0B /* File.swift */; };
		627C319A26E0A00F005A1423 /* AIRDummyView.m in Sources */ = {isa = PBXBuildFile; fileRef = 627C312526E0A00F005A1423 /* AIRDummyView.m */; };
		627C319B26E0A00F005A1423 /* AIRGoogleMapUrlTile.m in Sources */ = {isa = PBXBuildFile; fileRef = 627C312926E0A00F005A1423 /* AIRGoogleMapUrlTile.m */; };
		627C319C26E0A00F005A1423 /* AIRGoogleMapPolygonManager.m in Sources */ = {isa = PBXBuildFile; fileRef = 627C312C26E0A00F005A1423 /* AIRGoogleMapPolygonManager.m */; };
		627C319D26E0A00F005A1423 /* AIRGoogleMapMarker.m in Sources */ = {isa = PBXBuildFile; fileRef = 627C312F26E0A00F005A1423 /* AIRGoogleMapMarker.m */; };
		627C319E26E0A00F005A1423 /* AIRGMSPolygon.m in Sources */ = {isa = PBXBuildFile; fileRef = 627C313326E0A00F005A1423 /* AIRGMSPolygon.m */; };
		627C319F26E0A00F005A1423 /* AIRGoogleMapURLTileManager.m in Sources */ = {isa = PBXBuildFile; fileRef = 627C313426E0A00F005A1423 /* AIRGoogleMapURLTileManager.m */; };
		627C31A026E0A00F005A1423 /* AIRGoogleMapWMSTileManager.m in Sources */ = {isa = PBXBuildFile; fileRef = 627C313526E0A00F005A1423 /* AIRGoogleMapWMSTileManager.m */; };
		627C31A126E0A00F005A1423 /* AIRGoogleMapCircle.m in Sources */ = {isa = PBXBuildFile; fileRef = 627C313626E0A00F005A1423 /* AIRGoogleMapCircle.m */; };
		627C31A226E0A00F005A1423 /* AIRGoogleMapCircleManager.m in Sources */ = {isa = PBXBuildFile; fileRef = 627C313E26E0A00F005A1423 /* AIRGoogleMapCircleManager.m */; };
		627C31A326E0A00F005A1423 /* AIRGoogleMapCalloutManager.m in Sources */ = {isa = PBXBuildFile; fileRef = 627C314026E0A00F005A1423 /* AIRGoogleMapCalloutManager.m */; };
		627C31A426E0A00F005A1423 /* AIRGoogleMapMarkerManager.m in Sources */ = {isa = PBXBuildFile; fileRef = 627C314126E0A00F005A1423 /* AIRGoogleMapMarkerManager.m */; };
		627C31A526E0A00F005A1423 /* AIRGoogleMapPolyline.m in Sources */ = {isa = PBXBuildFile; fileRef = 627C314326E0A00F005A1423 /* AIRGoogleMapPolyline.m */; };
		627C31A626E0A00F005A1423 /* AIRGoogleMapHeatmapManager.m in Sources */ = {isa = PBXBuildFile; fileRef = 627C314426E0A00F005A1423 /* AIRGoogleMapHeatmapManager.m */; };
		627C31A726E0A00F005A1423 /* AIRGoogleMapWMSTile.m in Sources */ = {isa = PBXBuildFile; fileRef = 627C314526E0A00F005A1423 /* AIRGoogleMapWMSTile.m */; };
		627C31A826E0A00F005A1423 /* AIRGoogleMapOverlay.m in Sources */ = {isa = PBXBuildFile; fileRef = 627C314826E0A00F005A1423 /* AIRGoogleMapOverlay.m */; };
		627C31A926E0A00F005A1423 /* AIRGMSPolyline.m in Sources */ = {isa = PBXBuildFile; fileRef = 627C314926E0A00F005A1423 /* AIRGMSPolyline.m */; };
		627C31AA26E0A00F005A1423 /* AIRGoogleMapPolylineManager.m in Sources */ = {isa = PBXBuildFile; fileRef = 627C314A26E0A00F005A1423 /* AIRGoogleMapPolylineManager.m */; };
		627C31AB26E0A00F005A1423 /* AIRGoogleMapManager.m in Sources */ = {isa = PBXBuildFile; fileRef = 627C314B26E0A00F005A1423 /* AIRGoogleMapManager.m */; };
		627C31AC26E0A00F005A1423 /* RCTConvert+GMSMapViewType.m in Sources */ = {isa = PBXBuildFile; fileRef = 627C314E26E0A00F005A1423 /* RCTConvert+GMSMapViewType.m */; };
		627C31AD26E0A00F005A1423 /* AIRGoogleMapCalloutSubviewManager.m in Sources */ = {isa = PBXBuildFile; fileRef = 627C314F26E0A00F005A1423 /* AIRGoogleMapCalloutSubviewManager.m */; };
		627C31AE26E0A00F005A1423 /* AIRGoogleMapCallout.m in Sources */ = {isa = PBXBuildFile; fileRef = 627C315026E0A00F005A1423 /* AIRGoogleMapCallout.m */; };
		627C31AF26E0A00F005A1423 /* AIRGoogleMapOverlayManager.m in Sources */ = {isa = PBXBuildFile; fileRef = 627C315126E0A00F005A1423 /* AIRGoogleMapOverlayManager.m */; };
		627C31B026E0A00F005A1423 /* AIRGoogleMapHeatmap.m in Sources */ = {isa = PBXBuildFile; fileRef = 627C315226E0A00F005A1423 /* AIRGoogleMapHeatmap.m */; };
		627C31B126E0A00F005A1423 /* AIRGoogleMap.m in Sources */ = {isa = PBXBuildFile; fileRef = 627C315326E0A00F005A1423 /* AIRGoogleMap.m */; };
		627C31B226E0A00F005A1423 /* AIRGoogleMapPolygon.m in Sources */ = {isa = PBXBuildFile; fileRef = 627C315826E0A00F005A1423 /* AIRGoogleMapPolygon.m */; };
		627C31B326E0A00F005A1423 /* AIRGMSMarker.m in Sources */ = {isa = PBXBuildFile; fileRef = 627C315926E0A00F005A1423 /* AIRGMSMarker.m */; };
		627C31B426E0A00F005A1423 /* AIRGoogleMapCalloutSubview.m in Sources */ = {isa = PBXBuildFile; fileRef = 627C315A26E0A00F005A1423 /* AIRGoogleMapCalloutSubview.m */; };
		627C31B526E0A00F005A1423 /* AIRMapCalloutManager.m in Sources */ = {isa = PBXBuildFile; fileRef = 627C316026E0A00F005A1423 /* AIRMapCalloutManager.m */; };
		627C31B626E0A00F005A1423 /* AIRMapLocalTile.m in Sources */ = {isa = PBXBuildFile; fileRef = 627C316826E0A00F005A1423 /* AIRMapLocalTile.m */; };
		627C31B726E0A00F005A1423 /* AIRMapMarkerManager.m in Sources */ = {isa = PBXBuildFile; fileRef = 627C316B26E0A00F005A1423 /* AIRMapMarkerManager.m */; };
		627C31B826E0A00F005A1423 /* AIRMapUrlTile.m in Sources */ = {isa = PBXBuildFile; fileRef = 627C316D26E0A00F005A1423 /* AIRMapUrlTile.m */; };
		627C31B926E0A00F005A1423 /* AIRMapPolylineRenderer.m in Sources */ = {isa = PBXBuildFile; fileRef = 627C316E26E0A00F005A1423 /* AIRMapPolylineRenderer.m */; };
		627C31BA26E0A00F005A1423 /* AIRMapOverlayManager.m in Sources */ = {isa = PBXBuildFile; fileRef = 627C316F26E0A00F005A1423 /* AIRMapOverlayManager.m */; };
		627C31BB26E0A00F005A1423 /* AIRMapCoordinate.m in Sources */ = {isa = PBXBuildFile; fileRef = 627C317226E0A00F005A1423 /* AIRMapCoordinate.m */; };
		627C31BC26E0A00F005A1423 /* AIRMapCalloutSubview.m in Sources */ = {isa = PBXBuildFile; fileRef = 627C317426E0A00F005A1423 /* AIRMapCalloutSubview.m */; };
		627C31BD26E0A00F005A1423 /* AIRMapPolylineManager.m in Sources */ = {isa = PBXBuildFile; fileRef = 627C317826E0A00F005A1423 /* AIRMapPolylineManager.m */; };
		627C31BE26E0A00F005A1423 /* SMCalloutView.m in Sources */ = {isa = PBXBuildFile; fileRef = 627C317B26E0A00F005A1423 /* SMCalloutView.m */; };
		627C31BF26E0A00F005A1423 /* AIRMapLocalTileOverlay.m in Sources */ = {isa = PBXBuildFile; fileRef = 627C317D26E0A00F005A1423 /* AIRMapLocalTileOverlay.m */; };
		627C31C026E0A00F005A1423 /* AIRWeakTimerReference.m in Sources */ = {isa = PBXBuildFile; fileRef = 627C317E26E0A00F005A1423 /* AIRWeakTimerReference.m */; };
		627C31C126E0A00F005A1423 /* AIRMapCallout.m in Sources */ = {isa = PBXBuildFile; fileRef = 627C317F26E0A00F005A1423 /* AIRMapCallout.m */; };
		627C31C226E0A00F005A1423 /* AIRMapLocalTileManager.m in Sources */ = {isa = PBXBuildFile; fileRef = 627C318026E0A00F005A1423 /* AIRMapLocalTileManager.m */; };
		627C31C326E0A00F005A1423 /* AIRMapPolyline.m in Sources */ = {isa = PBXBuildFile; fileRef = 627C318126E0A00F005A1423 /* AIRMapPolyline.m */; };
		627C31C426E0A00F005A1423 /* AIRWeakMapReference.m in Sources */ = {isa = PBXBuildFile; fileRef = 627C318326E0A00F005A1423 /* AIRWeakMapReference.m */; };
		627C31C526E0A00F005A1423 /* AIRMapCircleManager.m in Sources */ = {isa = PBXBuildFile; fileRef = 627C318426E0A00F005A1423 /* AIRMapCircleManager.m */; };
		627C31C626E0A00F005A1423 /* AIRMapMarker.m in Sources */ = {isa = PBXBuildFile; fileRef = 627C318526E0A00F005A1423 /* AIRMapMarker.m */; };
		627C31C726E0A00F005A1423 /* AIRMapPolygonManager.m in Sources */ = {isa = PBXBuildFile; fileRef = 627C318626E0A00F005A1423 /* AIRMapPolygonManager.m */; };
		627C31C826E0A00F005A1423 /* AIRMapPolygon.m in Sources */ = {isa = PBXBuildFile; fileRef = 627C318726E0A00F005A1423 /* AIRMapPolygon.m */; };
		627C31C926E0A00F005A1423 /* AIRMap.m in Sources */ = {isa = PBXBuildFile; fileRef = 627C318826E0A00F005A1423 /* AIRMap.m */; };
		627C31CA26E0A00F005A1423 /* AIRMapCircle.m in Sources */ = {isa = PBXBuildFile; fileRef = 627C318A26E0A00F005A1423 /* AIRMapCircle.m */; };
		627C31CB26E0A00F005A1423 /* AIRMapWMSTile.m in Sources */ = {isa = PBXBuildFile; fileRef = 627C318C26E0A00F005A1423 /* AIRMapWMSTile.m */; };
		627C31CC26E0A00F005A1423 /* AIRMapCalloutSubviewManager.m in Sources */ = {isa = PBXBuildFile; fileRef = 627C318F26E0A00F005A1423 /* AIRMapCalloutSubviewManager.m */; };
		627C31CD26E0A00F005A1423 /* AIRMapUrlTileManager.m in Sources */ = {isa = PBXBuildFile; fileRef = 627C319026E0A00F005A1423 /* AIRMapUrlTileManager.m */; };
		627C31CE26E0A00F005A1423 /* AIRMapWMSTileManager.m in Sources */ = {isa = PBXBuildFile; fileRef = 627C319226E0A00F005A1423 /* AIRMapWMSTileManager.m */; };
		627C31CF26E0A00F005A1423 /* AIRMapManager.m in Sources */ = {isa = PBXBuildFile; fileRef = 627C319526E0A00F005A1423 /* AIRMapManager.m */; };
		627C31D026E0A00F005A1423 /* AIRMapOverlay.m in Sources */ = {isa = PBXBuildFile; fileRef = 627C319626E0A00F005A1423 /* AIRMapOverlay.m */; };
		627C31D126E0A00F005A1423 /* AIRMapOverlayRenderer.m in Sources */ = {isa = PBXBuildFile; fileRef = 627C319726E0A00F005A1423 /* AIRMapOverlayRenderer.m */; };
		627C31D226E0A00F005A1423 /* RCTConvert+AirMap.m in Sources */ = {isa = PBXBuildFile; fileRef = 627C319926E0A00F005A1423 /* RCTConvert+AirMap.m */; };
/* End PBXBuildFile section */

/* Begin PBXFileReference section */
		008F07F21AC5B25A0029DE68 /* main.jsbundle */ = {isa = PBXFileReference; fileEncoding = 4; lastKnownFileType = text; path = main.jsbundle; sourceTree = "<group>"; };
		13B07F961A680F5B00A75B9A /* BringgDriverSdkIosExample.app */ = {isa = PBXFileReference; explicitFileType = wrapper.application; includeInIndex = 0; path = BringgDriverSdkIosExample.app; sourceTree = BUILT_PRODUCTS_DIR; };
		13B07FAF1A68108700A75B9A /* AppDelegate.h */ = {isa = PBXFileReference; fileEncoding = 4; lastKnownFileType = sourcecode.c.h; name = AppDelegate.h; path = BringgDriverSdkIosExample/AppDelegate.h; sourceTree = "<group>"; };
		13B07FB01A68108700A75B9A /* AppDelegate.m */ = {isa = PBXFileReference; fileEncoding = 4; lastKnownFileType = sourcecode.c.objc; name = AppDelegate.m; path = BringgDriverSdkIosExample/AppDelegate.m; sourceTree = "<group>"; };
		13B07FB21A68108700A75B9A /* Base */ = {isa = PBXFileReference; lastKnownFileType = file.xib; name = Base; path = Base.lproj/LaunchScreen.xib; sourceTree = "<group>"; };
		13B07FB51A68108700A75B9A /* Images.xcassets */ = {isa = PBXFileReference; lastKnownFileType = folder.assetcatalog; name = Images.xcassets; path = BringgDriverSdkIosExample/Images.xcassets; sourceTree = "<group>"; };
		13B07FB61A68108700A75B9A /* Info.plist */ = {isa = PBXFileReference; fileEncoding = 4; lastKnownFileType = text.plist.xml; name = Info.plist; path = BringgDriverSdkIosExample/Info.plist; sourceTree = "<group>"; };
		13B07FB71A68108700A75B9A /* main.m */ = {isa = PBXFileReference; fileEncoding = 4; lastKnownFileType = sourcecode.c.objc; name = main.m; path = BringgDriverSdkIosExample/main.m; sourceTree = "<group>"; };
		20F357AD24636CDE00C146DC /* BringgDriverSdkIosExample-Bridging-Header.h */ = {isa = PBXFileReference; lastKnownFileType = sourcecode.c.h; path = "BringgDriverSdkIosExample-Bridging-Header.h"; sourceTree = "<group>"; };
		20F357AE24636CDF00C146DC /* BringgDriverSdkIosExample-Bridging-Header.h */ = {isa = PBXFileReference; fileEncoding = 4; lastKnownFileType = sourcecode.c.h; path = "BringgDriverSdkIosExample-Bridging-Header.h"; sourceTree = "<group>"; };
		46CE74AB247A94F300C08A0B /* File.swift */ = {isa = PBXFileReference; lastKnownFileType = sourcecode.swift; path = File.swift; sourceTree = "<group>"; };
		4D7192F03A36A017E887435B /* Pods-BringgDriverSdkIosExample.release.xcconfig */ = {isa = PBXFileReference; includeInIndex = 1; lastKnownFileType = text.xcconfig; name = "Pods-BringgDriverSdkIosExample.release.xcconfig"; path = "Target Support Files/Pods-BringgDriverSdkIosExample/Pods-BringgDriverSdkIosExample.release.xcconfig"; sourceTree = "<group>"; };
		627C312526E0A00F005A1423 /* AIRDummyView.m */ = {isa = PBXFileReference; fileEncoding = 4; lastKnownFileType = sourcecode.c.objc; path = AIRDummyView.m; sourceTree = "<group>"; };
		627C312626E0A00F005A1423 /* AIRGoogleMapWMSTile.h */ = {isa = PBXFileReference; fileEncoding = 4; lastKnownFileType = sourcecode.c.h; path = AIRGoogleMapWMSTile.h; sourceTree = "<group>"; };
		627C312726E0A00F005A1423 /* AIRGoogleMapPolyline.h */ = {isa = PBXFileReference; fileEncoding = 4; lastKnownFileType = sourcecode.c.h; path = AIRGoogleMapPolyline.h; sourceTree = "<group>"; };
		627C312826E0A00F005A1423 /* AIRGoogleMapHeatmapManager.h */ = {isa = PBXFileReference; fileEncoding = 4; lastKnownFileType = sourcecode.c.h; path = AIRGoogleMapHeatmapManager.h; sourceTree = "<group>"; };
		627C312926E0A00F005A1423 /* AIRGoogleMapUrlTile.m */ = {isa = PBXFileReference; fileEncoding = 4; lastKnownFileType = sourcecode.c.objc; path = AIRGoogleMapUrlTile.m; sourceTree = "<group>"; };
		627C312A26E0A00F005A1423 /* AIRGoogleMapMarkerManager.h */ = {isa = PBXFileReference; fileEncoding = 4; lastKnownFileType = sourcecode.c.h; path = AIRGoogleMapMarkerManager.h; sourceTree = "<group>"; };
		627C312B26E0A00F005A1423 /* AIRGoogleMapCalloutManager.h */ = {isa = PBXFileReference; fileEncoding = 4; lastKnownFileType = sourcecode.c.h; path = AIRGoogleMapCalloutManager.h; sourceTree = "<group>"; };
		627C312C26E0A00F005A1423 /* AIRGoogleMapPolygonManager.m */ = {isa = PBXFileReference; fileEncoding = 4; lastKnownFileType = sourcecode.c.objc; path = AIRGoogleMapPolygonManager.m; sourceTree = "<group>"; };
		627C312D26E0A00F005A1423 /* RCTConvert+GMSMapViewType.h */ = {isa = PBXFileReference; fileEncoding = 4; lastKnownFileType = sourcecode.c.h; path = "RCTConvert+GMSMapViewType.h"; sourceTree = "<group>"; };
		627C312E26E0A00F005A1423 /* AIRGoogleMapManager.h */ = {isa = PBXFileReference; fileEncoding = 4; lastKnownFileType = sourcecode.c.h; path = AIRGoogleMapManager.h; sourceTree = "<group>"; };
		627C312F26E0A00F005A1423 /* AIRGoogleMapMarker.m */ = {isa = PBXFileReference; fileEncoding = 4; lastKnownFileType = sourcecode.c.objc; path = AIRGoogleMapMarker.m; sourceTree = "<group>"; };
		627C313026E0A00F005A1423 /* AIRGMSPolyline.h */ = {isa = PBXFileReference; fileEncoding = 4; lastKnownFileType = sourcecode.c.h; path = AIRGMSPolyline.h; sourceTree = "<group>"; };
		627C313126E0A00F005A1423 /* AIRGoogleMapPolylineManager.h */ = {isa = PBXFileReference; fileEncoding = 4; lastKnownFileType = sourcecode.c.h; path = AIRGoogleMapPolylineManager.h; sourceTree = "<group>"; };
		627C313226E0A00F005A1423 /* AIRGoogleMapOverlay.h */ = {isa = PBXFileReference; fileEncoding = 4; lastKnownFileType = sourcecode.c.h; path = AIRGoogleMapOverlay.h; sourceTree = "<group>"; };
		627C313326E0A00F005A1423 /* AIRGMSPolygon.m */ = {isa = PBXFileReference; fileEncoding = 4; lastKnownFileType = sourcecode.c.objc; path = AIRGMSPolygon.m; sourceTree = "<group>"; };
		627C313426E0A00F005A1423 /* AIRGoogleMapURLTileManager.m */ = {isa = PBXFileReference; fileEncoding = 4; lastKnownFileType = sourcecode.c.objc; path = AIRGoogleMapURLTileManager.m; sourceTree = "<group>"; };
		627C313526E0A00F005A1423 /* AIRGoogleMapWMSTileManager.m */ = {isa = PBXFileReference; fileEncoding = 4; lastKnownFileType = sourcecode.c.objc; path = AIRGoogleMapWMSTileManager.m; sourceTree = "<group>"; };
		627C313626E0A00F005A1423 /* AIRGoogleMapCircle.m */ = {isa = PBXFileReference; fileEncoding = 4; lastKnownFileType = sourcecode.c.objc; path = AIRGoogleMapCircle.m; sourceTree = "<group>"; };
		627C313726E0A00F005A1423 /* AIRGoogleMap.h */ = {isa = PBXFileReference; fileEncoding = 4; lastKnownFileType = sourcecode.c.h; path = AIRGoogleMap.h; sourceTree = "<group>"; };
		627C313826E0A00F005A1423 /* AIRGoogleMapHeatmap.h */ = {isa = PBXFileReference; fileEncoding = 4; lastKnownFileType = sourcecode.c.h; path = AIRGoogleMapHeatmap.h; sourceTree = "<group>"; };
		627C313926E0A00F005A1423 /* AIRGoogleMapOverlayManager.h */ = {isa = PBXFileReference; fileEncoding = 4; lastKnownFileType = sourcecode.c.h; path = AIRGoogleMapOverlayManager.h; sourceTree = "<group>"; };
		627C313A26E0A00F005A1423 /* AIRGoogleMapCallout.h */ = {isa = PBXFileReference; fileEncoding = 4; lastKnownFileType = sourcecode.c.h; path = AIRGoogleMapCallout.h; sourceTree = "<group>"; };
		627C313B26E0A00F005A1423 /* AIRGoogleMapCalloutSubviewManager.h */ = {isa = PBXFileReference; fileEncoding = 4; lastKnownFileType = sourcecode.c.h; path = AIRGoogleMapCalloutSubviewManager.h; sourceTree = "<group>"; };
		627C313C26E0A00F005A1423 /* AIRGoogleMapCalloutSubview.h */ = {isa = PBXFileReference; fileEncoding = 4; lastKnownFileType = sourcecode.c.h; path = AIRGoogleMapCalloutSubview.h; sourceTree = "<group>"; };
		627C313D26E0A00F005A1423 /* AIRGMSMarker.h */ = {isa = PBXFileReference; fileEncoding = 4; lastKnownFileType = sourcecode.c.h; path = AIRGMSMarker.h; sourceTree = "<group>"; };
		627C313E26E0A00F005A1423 /* AIRGoogleMapCircleManager.m */ = {isa = PBXFileReference; fileEncoding = 4; lastKnownFileType = sourcecode.c.objc; path = AIRGoogleMapCircleManager.m; sourceTree = "<group>"; };
		627C313F26E0A00F005A1423 /* AIRGoogleMapPolygon.h */ = {isa = PBXFileReference; fileEncoding = 4; lastKnownFileType = sourcecode.c.h; path = AIRGoogleMapPolygon.h; sourceTree = "<group>"; };
		627C314026E0A00F005A1423 /* AIRGoogleMapCalloutManager.m */ = {isa = PBXFileReference; fileEncoding = 4; lastKnownFileType = sourcecode.c.objc; path = AIRGoogleMapCalloutManager.m; sourceTree = "<group>"; };
		627C314126E0A00F005A1423 /* AIRGoogleMapMarkerManager.m */ = {isa = PBXFileReference; fileEncoding = 4; lastKnownFileType = sourcecode.c.objc; path = AIRGoogleMapMarkerManager.m; sourceTree = "<group>"; };
		627C314226E0A00F005A1423 /* AIRGoogleMapUrlTile.h */ = {isa = PBXFileReference; fileEncoding = 4; lastKnownFileType = sourcecode.c.h; path = AIRGoogleMapUrlTile.h; sourceTree = "<group>"; };
		627C314326E0A00F005A1423 /* AIRGoogleMapPolyline.m */ = {isa = PBXFileReference; fileEncoding = 4; lastKnownFileType = sourcecode.c.objc; path = AIRGoogleMapPolyline.m; sourceTree = "<group>"; };
		627C314426E0A00F005A1423 /* AIRGoogleMapHeatmapManager.m */ = {isa = PBXFileReference; fileEncoding = 4; lastKnownFileType = sourcecode.c.objc; path = AIRGoogleMapHeatmapManager.m; sourceTree = "<group>"; };
		627C314526E0A00F005A1423 /* AIRGoogleMapWMSTile.m */ = {isa = PBXFileReference; fileEncoding = 4; lastKnownFileType = sourcecode.c.objc; path = AIRGoogleMapWMSTile.m; sourceTree = "<group>"; };
		627C314626E0A00F005A1423 /* AIRDummyView.h */ = {isa = PBXFileReference; fileEncoding = 4; lastKnownFileType = sourcecode.c.h; path = AIRDummyView.h; sourceTree = "<group>"; };
		627C314726E0A00F005A1423 /* AIRGMSPolygon.h */ = {isa = PBXFileReference; fileEncoding = 4; lastKnownFileType = sourcecode.c.h; path = AIRGMSPolygon.h; sourceTree = "<group>"; };
		627C314826E0A00F005A1423 /* AIRGoogleMapOverlay.m */ = {isa = PBXFileReference; fileEncoding = 4; lastKnownFileType = sourcecode.c.objc; path = AIRGoogleMapOverlay.m; sourceTree = "<group>"; };
		627C314926E0A00F005A1423 /* AIRGMSPolyline.m */ = {isa = PBXFileReference; fileEncoding = 4; lastKnownFileType = sourcecode.c.objc; path = AIRGMSPolyline.m; sourceTree = "<group>"; };
		627C314A26E0A00F005A1423 /* AIRGoogleMapPolylineManager.m */ = {isa = PBXFileReference; fileEncoding = 4; lastKnownFileType = sourcecode.c.objc; path = AIRGoogleMapPolylineManager.m; sourceTree = "<group>"; };
		627C314B26E0A00F005A1423 /* AIRGoogleMapManager.m */ = {isa = PBXFileReference; fileEncoding = 4; lastKnownFileType = sourcecode.c.objc; path = AIRGoogleMapManager.m; sourceTree = "<group>"; };
		627C314C26E0A00F005A1423 /* AIRGoogleMapMarker.h */ = {isa = PBXFileReference; fileEncoding = 4; lastKnownFileType = sourcecode.c.h; path = AIRGoogleMapMarker.h; sourceTree = "<group>"; };
		627C314D26E0A00F005A1423 /* AIRGoogleMapPolygonManager.h */ = {isa = PBXFileReference; fileEncoding = 4; lastKnownFileType = sourcecode.c.h; path = AIRGoogleMapPolygonManager.h; sourceTree = "<group>"; };
		627C314E26E0A00F005A1423 /* RCTConvert+GMSMapViewType.m */ = {isa = PBXFileReference; fileEncoding = 4; lastKnownFileType = sourcecode.c.objc; path = "RCTConvert+GMSMapViewType.m"; sourceTree = "<group>"; };
		627C314F26E0A00F005A1423 /* AIRGoogleMapCalloutSubviewManager.m */ = {isa = PBXFileReference; fileEncoding = 4; lastKnownFileType = sourcecode.c.objc; path = AIRGoogleMapCalloutSubviewManager.m; sourceTree = "<group>"; };
		627C315026E0A00F005A1423 /* AIRGoogleMapCallout.m */ = {isa = PBXFileReference; fileEncoding = 4; lastKnownFileType = sourcecode.c.objc; path = AIRGoogleMapCallout.m; sourceTree = "<group>"; };
		627C315126E0A00F005A1423 /* AIRGoogleMapOverlayManager.m */ = {isa = PBXFileReference; fileEncoding = 4; lastKnownFileType = sourcecode.c.objc; path = AIRGoogleMapOverlayManager.m; sourceTree = "<group>"; };
		627C315226E0A00F005A1423 /* AIRGoogleMapHeatmap.m */ = {isa = PBXFileReference; fileEncoding = 4; lastKnownFileType = sourcecode.c.objc; path = AIRGoogleMapHeatmap.m; sourceTree = "<group>"; };
		627C315326E0A00F005A1423 /* AIRGoogleMap.m */ = {isa = PBXFileReference; fileEncoding = 4; lastKnownFileType = sourcecode.c.objc; path = AIRGoogleMap.m; sourceTree = "<group>"; };
		627C315426E0A00F005A1423 /* AIRGoogleMapCircle.h */ = {isa = PBXFileReference; fileEncoding = 4; lastKnownFileType = sourcecode.c.h; path = AIRGoogleMapCircle.h; sourceTree = "<group>"; };
		627C315526E0A00F005A1423 /* AIRGoogleMapWMSTileManager.h */ = {isa = PBXFileReference; fileEncoding = 4; lastKnownFileType = sourcecode.c.h; path = AIRGoogleMapWMSTileManager.h; sourceTree = "<group>"; };
		627C315626E0A00F005A1423 /* AIRGoogleMapUrlTileManager.h */ = {isa = PBXFileReference; fileEncoding = 4; lastKnownFileType = sourcecode.c.h; path = AIRGoogleMapUrlTileManager.h; sourceTree = "<group>"; };
		627C315726E0A00F005A1423 /* AIRGoogleMapCircleManager.h */ = {isa = PBXFileReference; fileEncoding = 4; lastKnownFileType = sourcecode.c.h; path = AIRGoogleMapCircleManager.h; sourceTree = "<group>"; };
		627C315826E0A00F005A1423 /* AIRGoogleMapPolygon.m */ = {isa = PBXFileReference; fileEncoding = 4; lastKnownFileType = sourcecode.c.objc; path = AIRGoogleMapPolygon.m; sourceTree = "<group>"; };
		627C315926E0A00F005A1423 /* AIRGMSMarker.m */ = {isa = PBXFileReference; fileEncoding = 4; lastKnownFileType = sourcecode.c.objc; path = AIRGMSMarker.m; sourceTree = "<group>"; };
		627C315A26E0A00F005A1423 /* AIRGoogleMapCalloutSubview.m */ = {isa = PBXFileReference; fileEncoding = 4; lastKnownFileType = sourcecode.c.objc; path = AIRGoogleMapCalloutSubview.m; sourceTree = "<group>"; };
		627C315C26E0A00F005A1423 /* AIRMapLocalTileManager.h */ = {isa = PBXFileReference; fileEncoding = 4; lastKnownFileType = sourcecode.c.h; path = AIRMapLocalTileManager.h; sourceTree = "<group>"; };
		627C315D26E0A00F005A1423 /* AIRMapCallout.h */ = {isa = PBXFileReference; fileEncoding = 4; lastKnownFileType = sourcecode.c.h; path = AIRMapCallout.h; sourceTree = "<group>"; };
		627C315E26E0A00F005A1423 /* AIRWeakTimerReference.h */ = {isa = PBXFileReference; fileEncoding = 4; lastKnownFileType = sourcecode.c.h; path = AIRWeakTimerReference.h; sourceTree = "<group>"; };
		627C315F26E0A00F005A1423 /* AIRMapLocalTileOverlay.h */ = {isa = PBXFileReference; fileEncoding = 4; lastKnownFileType = sourcecode.c.h; path = AIRMapLocalTileOverlay.h; sourceTree = "<group>"; };
		627C316026E0A00F005A1423 /* AIRMapCalloutManager.m */ = {isa = PBXFileReference; fileEncoding = 4; lastKnownFileType = sourcecode.c.objc; path = AIRMapCalloutManager.m; sourceTree = "<group>"; };
		627C316126E0A00F005A1423 /* AIRMap.h */ = {isa = PBXFileReference; fileEncoding = 4; lastKnownFileType = sourcecode.c.h; path = AIRMap.h; sourceTree = "<group>"; };
		627C316226E0A00F005A1423 /* AIRMapPolygon.h */ = {isa = PBXFileReference; fileEncoding = 4; lastKnownFileType = sourcecode.c.h; path = AIRMapPolygon.h; sourceTree = "<group>"; };
		627C316326E0A00F005A1423 /* AIRMapPolygonManager.h */ = {isa = PBXFileReference; fileEncoding = 4; lastKnownFileType = sourcecode.c.h; path = AIRMapPolygonManager.h; sourceTree = "<group>"; };
		627C316426E0A00F005A1423 /* AIRMapMarker.h */ = {isa = PBXFileReference; fileEncoding = 4; lastKnownFileType = sourcecode.c.h; path = AIRMapMarker.h; sourceTree = "<group>"; };
		627C316526E0A00F005A1423 /* AIRMapCircleManager.h */ = {isa = PBXFileReference; fileEncoding = 4; lastKnownFileType = sourcecode.c.h; path = AIRMapCircleManager.h; sourceTree = "<group>"; };
		627C316626E0A00F005A1423 /* AIRWeakMapReference.h */ = {isa = PBXFileReference; fileEncoding = 4; lastKnownFileType = sourcecode.c.h; path = AIRWeakMapReference.h; sourceTree = "<group>"; };
		627C316726E0A00F005A1423 /* AIRMapPolyline.h */ = {isa = PBXFileReference; fileEncoding = 4; lastKnownFileType = sourcecode.c.h; path = AIRMapPolyline.h; sourceTree = "<group>"; };
		627C316826E0A00F005A1423 /* AIRMapLocalTile.m */ = {isa = PBXFileReference; fileEncoding = 4; lastKnownFileType = sourcecode.c.objc; path = AIRMapLocalTile.m; sourceTree = "<group>"; };
		627C316926E0A00F005A1423 /* AIRMapWMSTileManager.h */ = {isa = PBXFileReference; fileEncoding = 4; lastKnownFileType = sourcecode.c.h; path = AIRMapWMSTileManager.h; sourceTree = "<group>"; };
		627C316A26E0A00F005A1423 /* AIRMapUrlTileManager.h */ = {isa = PBXFileReference; fileEncoding = 4; lastKnownFileType = sourcecode.c.h; path = AIRMapUrlTileManager.h; sourceTree = "<group>"; };
		627C316B26E0A00F005A1423 /* AIRMapMarkerManager.m */ = {isa = PBXFileReference; fileEncoding = 4; lastKnownFileType = sourcecode.c.objc; path = AIRMapMarkerManager.m; sourceTree = "<group>"; };
		627C316C26E0A00F005A1423 /* AIRMapCalloutSubviewManager.h */ = {isa = PBXFileReference; fileEncoding = 4; lastKnownFileType = sourcecode.c.h; path = AIRMapCalloutSubviewManager.h; sourceTree = "<group>"; };
		627C316D26E0A00F005A1423 /* AIRMapUrlTile.m */ = {isa = PBXFileReference; fileEncoding = 4; lastKnownFileType = sourcecode.c.objc; path = AIRMapUrlTile.m; sourceTree = "<group>"; };
		627C316E26E0A00F005A1423 /* AIRMapPolylineRenderer.m */ = {isa = PBXFileReference; fileEncoding = 4; lastKnownFileType = sourcecode.c.objc; path = AIRMapPolylineRenderer.m; sourceTree = "<group>"; };
		627C316F26E0A00F005A1423 /* AIRMapOverlayManager.m */ = {isa = PBXFileReference; fileEncoding = 4; lastKnownFileType = sourcecode.c.objc; path = AIRMapOverlayManager.m; sourceTree = "<group>"; };
		627C317026E0A00F005A1423 /* AIRMapWMSTile.h */ = {isa = PBXFileReference; fileEncoding = 4; lastKnownFileType = sourcecode.c.h; path = AIRMapWMSTile.h; sourceTree = "<group>"; };
		627C317126E0A00F005A1423 /* AIRMapCircle.h */ = {isa = PBXFileReference; fileEncoding = 4; lastKnownFileType = sourcecode.c.h; path = AIRMapCircle.h; sourceTree = "<group>"; };
		627C317226E0A00F005A1423 /* AIRMapCoordinate.m */ = {isa = PBXFileReference; fileEncoding = 4; lastKnownFileType = sourcecode.c.objc; path = AIRMapCoordinate.m; sourceTree = "<group>"; };
		627C317326E0A00F005A1423 /* RCTConvert+AirMap.h */ = {isa = PBXFileReference; fileEncoding = 4; lastKnownFileType = sourcecode.c.h; path = "RCTConvert+AirMap.h"; sourceTree = "<group>"; };
		627C317426E0A00F005A1423 /* AIRMapCalloutSubview.m */ = {isa = PBXFileReference; fileEncoding = 4; lastKnownFileType = sourcecode.c.objc; path = AIRMapCalloutSubview.m; sourceTree = "<group>"; };
		627C317526E0A00F005A1423 /* AIRMapOverlay.h */ = {isa = PBXFileReference; fileEncoding = 4; lastKnownFileType = sourcecode.c.h; path = AIRMapOverlay.h; sourceTree = "<group>"; };
		627C317626E0A00F005A1423 /* AIRMapOverlayRenderer.h */ = {isa = PBXFileReference; fileEncoding = 4; lastKnownFileType = sourcecode.c.h; path = AIRMapOverlayRenderer.h; sourceTree = "<group>"; };
		627C317726E0A00F005A1423 /* AIRMapManager.h */ = {isa = PBXFileReference; fileEncoding = 4; lastKnownFileType = sourcecode.c.h; path = AIRMapManager.h; sourceTree = "<group>"; };
		627C317826E0A00F005A1423 /* AIRMapPolylineManager.m */ = {isa = PBXFileReference; fileEncoding = 4; lastKnownFileType = sourcecode.c.objc; path = AIRMapPolylineManager.m; sourceTree = "<group>"; };
		627C317926E0A00F005A1423 /* AIRMapCalloutManager.h */ = {isa = PBXFileReference; fileEncoding = 4; lastKnownFileType = sourcecode.c.h; path = AIRMapCalloutManager.h; sourceTree = "<group>"; };
		627C317B26E0A00F005A1423 /* SMCalloutView.m */ = {isa = PBXFileReference; fileEncoding = 4; lastKnownFileType = sourcecode.c.objc; path = SMCalloutView.m; sourceTree = "<group>"; };
		627C317C26E0A00F005A1423 /* SMCalloutView.h */ = {isa = PBXFileReference; fileEncoding = 4; lastKnownFileType = sourcecode.c.h; path = SMCalloutView.h; sourceTree = "<group>"; };
		627C317D26E0A00F005A1423 /* AIRMapLocalTileOverlay.m */ = {isa = PBXFileReference; fileEncoding = 4; lastKnownFileType = sourcecode.c.objc; path = AIRMapLocalTileOverlay.m; sourceTree = "<group>"; };
		627C317E26E0A00F005A1423 /* AIRWeakTimerReference.m */ = {isa = PBXFileReference; fileEncoding = 4; lastKnownFileType = sourcecode.c.objc; path = AIRWeakTimerReference.m; sourceTree = "<group>"; };
		627C317F26E0A00F005A1423 /* AIRMapCallout.m */ = {isa = PBXFileReference; fileEncoding = 4; lastKnownFileType = sourcecode.c.objc; path = AIRMapCallout.m; sourceTree = "<group>"; };
		627C318026E0A00F005A1423 /* AIRMapLocalTileManager.m */ = {isa = PBXFileReference; fileEncoding = 4; lastKnownFileType = sourcecode.c.objc; path = AIRMapLocalTileManager.m; sourceTree = "<group>"; };
		627C318126E0A00F005A1423 /* AIRMapPolyline.m */ = {isa = PBXFileReference; fileEncoding = 4; lastKnownFileType = sourcecode.c.objc; path = AIRMapPolyline.m; sourceTree = "<group>"; };
		627C318226E0A00F005A1423 /* AIRMapSnapshot.h */ = {isa = PBXFileReference; fileEncoding = 4; lastKnownFileType = sourcecode.c.h; path = AIRMapSnapshot.h; sourceTree = "<group>"; };
		627C318326E0A00F005A1423 /* AIRWeakMapReference.m */ = {isa = PBXFileReference; fileEncoding = 4; lastKnownFileType = sourcecode.c.objc; path = AIRWeakMapReference.m; sourceTree = "<group>"; };
		627C318426E0A00F005A1423 /* AIRMapCircleManager.m */ = {isa = PBXFileReference; fileEncoding = 4; lastKnownFileType = sourcecode.c.objc; path = AIRMapCircleManager.m; sourceTree = "<group>"; };
		627C318526E0A00F005A1423 /* AIRMapMarker.m */ = {isa = PBXFileReference; fileEncoding = 4; lastKnownFileType = sourcecode.c.objc; path = AIRMapMarker.m; sourceTree = "<group>"; };
		627C318626E0A00F005A1423 /* AIRMapPolygonManager.m */ = {isa = PBXFileReference; fileEncoding = 4; lastKnownFileType = sourcecode.c.objc; path = AIRMapPolygonManager.m; sourceTree = "<group>"; };
		627C318726E0A00F005A1423 /* AIRMapPolygon.m */ = {isa = PBXFileReference; fileEncoding = 4; lastKnownFileType = sourcecode.c.objc; path = AIRMapPolygon.m; sourceTree = "<group>"; };
		627C318826E0A00F005A1423 /* AIRMap.m */ = {isa = PBXFileReference; fileEncoding = 4; lastKnownFileType = sourcecode.c.objc; path = AIRMap.m; sourceTree = "<group>"; };
		627C318926E0A00F005A1423 /* AIRMapCoordinate.h */ = {isa = PBXFileReference; fileEncoding = 4; lastKnownFileType = sourcecode.c.h; path = AIRMapCoordinate.h; sourceTree = "<group>"; };
		627C318A26E0A00F005A1423 /* AIRMapCircle.m */ = {isa = PBXFileReference; fileEncoding = 4; lastKnownFileType = sourcecode.c.objc; path = AIRMapCircle.m; sourceTree = "<group>"; };
		627C318B26E0A00F005A1423 /* AIRMapOverlayManager.h */ = {isa = PBXFileReference; fileEncoding = 4; lastKnownFileType = sourcecode.c.h; path = AIRMapOverlayManager.h; sourceTree = "<group>"; };
		627C318C26E0A00F005A1423 /* AIRMapWMSTile.m */ = {isa = PBXFileReference; fileEncoding = 4; lastKnownFileType = sourcecode.c.objc; path = AIRMapWMSTile.m; sourceTree = "<group>"; };
		627C318D26E0A00F005A1423 /* AIRMapPolylineRenderer.h */ = {isa = PBXFileReference; fileEncoding = 4; lastKnownFileType = sourcecode.c.h; path = AIRMapPolylineRenderer.h; sourceTree = "<group>"; };
		627C318E26E0A00F005A1423 /* AIRMapUrlTile.h */ = {isa = PBXFileReference; fileEncoding = 4; lastKnownFileType = sourcecode.c.h; path = AIRMapUrlTile.h; sourceTree = "<group>"; };
		627C318F26E0A00F005A1423 /* AIRMapCalloutSubviewManager.m */ = {isa = PBXFileReference; fileEncoding = 4; lastKnownFileType = sourcecode.c.objc; path = AIRMapCalloutSubviewManager.m; sourceTree = "<group>"; };
		627C319026E0A00F005A1423 /* AIRMapUrlTileManager.m */ = {isa = PBXFileReference; fileEncoding = 4; lastKnownFileType = sourcecode.c.objc; path = AIRMapUrlTileManager.m; sourceTree = "<group>"; };
		627C319126E0A00F005A1423 /* AIRMapMarkerManager.h */ = {isa = PBXFileReference; fileEncoding = 4; lastKnownFileType = sourcecode.c.h; path = AIRMapMarkerManager.h; sourceTree = "<group>"; };
		627C319226E0A00F005A1423 /* AIRMapWMSTileManager.m */ = {isa = PBXFileReference; fileEncoding = 4; lastKnownFileType = sourcecode.c.objc; path = AIRMapWMSTileManager.m; sourceTree = "<group>"; };
		627C319326E0A00F005A1423 /* AIRMapLocalTile.h */ = {isa = PBXFileReference; fileEncoding = 4; lastKnownFileType = sourcecode.c.h; path = AIRMapLocalTile.h; sourceTree = "<group>"; };
		627C319426E0A00F005A1423 /* AIRMapPolylineManager.h */ = {isa = PBXFileReference; fileEncoding = 4; lastKnownFileType = sourcecode.c.h; path = AIRMapPolylineManager.h; sourceTree = "<group>"; };
		627C319526E0A00F005A1423 /* AIRMapManager.m */ = {isa = PBXFileReference; fileEncoding = 4; lastKnownFileType = sourcecode.c.objc; path = AIRMapManager.m; sourceTree = "<group>"; };
		627C319626E0A00F005A1423 /* AIRMapOverlay.m */ = {isa = PBXFileReference; fileEncoding = 4; lastKnownFileType = sourcecode.c.objc; path = AIRMapOverlay.m; sourceTree = "<group>"; };
		627C319726E0A00F005A1423 /* AIRMapOverlayRenderer.m */ = {isa = PBXFileReference; fileEncoding = 4; lastKnownFileType = sourcecode.c.objc; path = AIRMapOverlayRenderer.m; sourceTree = "<group>"; };
		627C319826E0A00F005A1423 /* AIRMapCalloutSubview.h */ = {isa = PBXFileReference; fileEncoding = 4; lastKnownFileType = sourcecode.c.h; path = AIRMapCalloutSubview.h; sourceTree = "<group>"; };
		627C319926E0A00F005A1423 /* RCTConvert+AirMap.m */ = {isa = PBXFileReference; fileEncoding = 4; lastKnownFileType = sourcecode.c.objc; path = "RCTConvert+AirMap.m"; sourceTree = "<group>"; };
		871719007ECC5EAD276C345C /* Pods-BringgDriverSdkIosExample.debug.xcconfig */ = {isa = PBXFileReference; includeInIndex = 1; lastKnownFileType = text.xcconfig; name = "Pods-BringgDriverSdkIosExample.debug.xcconfig"; path = "Target Support Files/Pods-BringgDriverSdkIosExample/Pods-BringgDriverSdkIosExample.debug.xcconfig"; sourceTree = "<group>"; };
		E33088175B9CD291C1C93138 /* Pods_BringgDriverSdkIosExample.framework */ = {isa = PBXFileReference; explicitFileType = wrapper.framework; includeInIndex = 0; path = Pods_BringgDriverSdkIosExample.framework; sourceTree = BUILT_PRODUCTS_DIR; };
		ED297162215061F000B7C4FE /* JavaScriptCore.framework */ = {isa = PBXFileReference; lastKnownFileType = wrapper.framework; name = JavaScriptCore.framework; path = System/Library/Frameworks/JavaScriptCore.framework; sourceTree = SDKROOT; };
/* End PBXFileReference section */

/* Begin PBXFrameworksBuildPhase section */
		13B07F8C1A680F5B00A75B9A /* Frameworks */ = {
			isa = PBXFrameworksBuildPhase;
			buildActionMask = 2147483647;
			files = (
				0E1E9AA530EB501AE76C23BA /* Pods_BringgDriverSdkIosExample.framework in Frameworks */,
			);
			runOnlyForDeploymentPostprocessing = 0;
		};
/* End PBXFrameworksBuildPhase section */

/* Begin PBXGroup section */
		13B07FAE1A68108700A75B9A /* BringgDriverSdkIosExample */ = {
			isa = PBXGroup;
			children = (
				627C312426E0A00F005A1423 /* AirGoogleMaps */,
				627C315B26E0A00F005A1423 /* AirMaps */,
				008F07F21AC5B25A0029DE68 /* main.jsbundle */,
				13B07FAF1A68108700A75B9A /* AppDelegate.h */,
				13B07FB01A68108700A75B9A /* AppDelegate.m */,
				13B07FB51A68108700A75B9A /* Images.xcassets */,
				13B07FB61A68108700A75B9A /* Info.plist */,
				13B07FB11A68108700A75B9A /* LaunchScreen.xib */,
				13B07FB71A68108700A75B9A /* main.m */,
			);
			name = BringgDriverSdkIosExample;
			sourceTree = "<group>";
		};
		1CFFDEF7170271C97B8B7E5A /* Pods */ = {
			isa = PBXGroup;
			children = (
				871719007ECC5EAD276C345C /* Pods-BringgDriverSdkIosExample.debug.xcconfig */,
				4D7192F03A36A017E887435B /* Pods-BringgDriverSdkIosExample.release.xcconfig */,
			);
			path = Pods;
			sourceTree = "<group>";
		};
		2D16E6871FA4F8E400B85C8A /* Frameworks */ = {
			isa = PBXGroup;
			children = (
				ED297162215061F000B7C4FE /* JavaScriptCore.framework */,
				E33088175B9CD291C1C93138 /* Pods_BringgDriverSdkIosExample.framework */,
			);
			name = Frameworks;
			sourceTree = "<group>";
		};
		627C312426E0A00F005A1423 /* AirGoogleMaps */ = {
			isa = PBXGroup;
			children = (
				627C312526E0A00F005A1423 /* AIRDummyView.m */,
				627C312626E0A00F005A1423 /* AIRGoogleMapWMSTile.h */,
				627C312726E0A00F005A1423 /* AIRGoogleMapPolyline.h */,
				627C312826E0A00F005A1423 /* AIRGoogleMapHeatmapManager.h */,
				627C312926E0A00F005A1423 /* AIRGoogleMapUrlTile.m */,
				627C312A26E0A00F005A1423 /* AIRGoogleMapMarkerManager.h */,
				627C312B26E0A00F005A1423 /* AIRGoogleMapCalloutManager.h */,
				627C312C26E0A00F005A1423 /* AIRGoogleMapPolygonManager.m */,
				627C312D26E0A00F005A1423 /* RCTConvert+GMSMapViewType.h */,
				627C312E26E0A00F005A1423 /* AIRGoogleMapManager.h */,
				627C312F26E0A00F005A1423 /* AIRGoogleMapMarker.m */,
				627C313026E0A00F005A1423 /* AIRGMSPolyline.h */,
				627C313126E0A00F005A1423 /* AIRGoogleMapPolylineManager.h */,
				627C313226E0A00F005A1423 /* AIRGoogleMapOverlay.h */,
				627C313326E0A00F005A1423 /* AIRGMSPolygon.m */,
				627C313426E0A00F005A1423 /* AIRGoogleMapURLTileManager.m */,
				627C313526E0A00F005A1423 /* AIRGoogleMapWMSTileManager.m */,
				627C313626E0A00F005A1423 /* AIRGoogleMapCircle.m */,
				627C313726E0A00F005A1423 /* AIRGoogleMap.h */,
				627C313826E0A00F005A1423 /* AIRGoogleMapHeatmap.h */,
				627C313926E0A00F005A1423 /* AIRGoogleMapOverlayManager.h */,
				627C313A26E0A00F005A1423 /* AIRGoogleMapCallout.h */,
				627C313B26E0A00F005A1423 /* AIRGoogleMapCalloutSubviewManager.h */,
				627C313C26E0A00F005A1423 /* AIRGoogleMapCalloutSubview.h */,
				627C313D26E0A00F005A1423 /* AIRGMSMarker.h */,
				627C313E26E0A00F005A1423 /* AIRGoogleMapCircleManager.m */,
				627C313F26E0A00F005A1423 /* AIRGoogleMapPolygon.h */,
				627C314026E0A00F005A1423 /* AIRGoogleMapCalloutManager.m */,
				627C314126E0A00F005A1423 /* AIRGoogleMapMarkerManager.m */,
				627C314226E0A00F005A1423 /* AIRGoogleMapUrlTile.h */,
				627C314326E0A00F005A1423 /* AIRGoogleMapPolyline.m */,
				627C314426E0A00F005A1423 /* AIRGoogleMapHeatmapManager.m */,
				627C314526E0A00F005A1423 /* AIRGoogleMapWMSTile.m */,
				627C314626E0A00F005A1423 /* AIRDummyView.h */,
				627C314726E0A00F005A1423 /* AIRGMSPolygon.h */,
				627C314826E0A00F005A1423 /* AIRGoogleMapOverlay.m */,
				627C314926E0A00F005A1423 /* AIRGMSPolyline.m */,
				627C314A26E0A00F005A1423 /* AIRGoogleMapPolylineManager.m */,
				627C314B26E0A00F005A1423 /* AIRGoogleMapManager.m */,
				627C314C26E0A00F005A1423 /* AIRGoogleMapMarker.h */,
				627C314D26E0A00F005A1423 /* AIRGoogleMapPolygonManager.h */,
				627C314E26E0A00F005A1423 /* RCTConvert+GMSMapViewType.m */,
				627C314F26E0A00F005A1423 /* AIRGoogleMapCalloutSubviewManager.m */,
				627C315026E0A00F005A1423 /* AIRGoogleMapCallout.m */,
				627C315126E0A00F005A1423 /* AIRGoogleMapOverlayManager.m */,
				627C315226E0A00F005A1423 /* AIRGoogleMapHeatmap.m */,
				627C315326E0A00F005A1423 /* AIRGoogleMap.m */,
				627C315426E0A00F005A1423 /* AIRGoogleMapCircle.h */,
				627C315526E0A00F005A1423 /* AIRGoogleMapWMSTileManager.h */,
				627C315626E0A00F005A1423 /* AIRGoogleMapUrlTileManager.h */,
				627C315726E0A00F005A1423 /* AIRGoogleMapCircleManager.h */,
				627C315826E0A00F005A1423 /* AIRGoogleMapPolygon.m */,
				627C315926E0A00F005A1423 /* AIRGMSMarker.m */,
				627C315A26E0A00F005A1423 /* AIRGoogleMapCalloutSubview.m */,
			);
			name = AirGoogleMaps;
			path = "../node_modules/react-native-maps/lib/ios/AirGoogleMaps";
			sourceTree = "<group>";
		};
		627C315B26E0A00F005A1423 /* AirMaps */ = {
			isa = PBXGroup;
			children = (
				627C315C26E0A00F005A1423 /* AIRMapLocalTileManager.h */,
				627C315D26E0A00F005A1423 /* AIRMapCallout.h */,
				627C315E26E0A00F005A1423 /* AIRWeakTimerReference.h */,
				627C315F26E0A00F005A1423 /* AIRMapLocalTileOverlay.h */,
				627C316026E0A00F005A1423 /* AIRMapCalloutManager.m */,
				627C316126E0A00F005A1423 /* AIRMap.h */,
				627C316226E0A00F005A1423 /* AIRMapPolygon.h */,
				627C316326E0A00F005A1423 /* AIRMapPolygonManager.h */,
				627C316426E0A00F005A1423 /* AIRMapMarker.h */,
				627C316526E0A00F005A1423 /* AIRMapCircleManager.h */,
				627C316626E0A00F005A1423 /* AIRWeakMapReference.h */,
				627C316726E0A00F005A1423 /* AIRMapPolyline.h */,
				627C316826E0A00F005A1423 /* AIRMapLocalTile.m */,
				627C316926E0A00F005A1423 /* AIRMapWMSTileManager.h */,
				627C316A26E0A00F005A1423 /* AIRMapUrlTileManager.h */,
				627C316B26E0A00F005A1423 /* AIRMapMarkerManager.m */,
				627C316C26E0A00F005A1423 /* AIRMapCalloutSubviewManager.h */,
				627C316D26E0A00F005A1423 /* AIRMapUrlTile.m */,
				627C316E26E0A00F005A1423 /* AIRMapPolylineRenderer.m */,
				627C316F26E0A00F005A1423 /* AIRMapOverlayManager.m */,
				627C317026E0A00F005A1423 /* AIRMapWMSTile.h */,
				627C317126E0A00F005A1423 /* AIRMapCircle.h */,
				627C317226E0A00F005A1423 /* AIRMapCoordinate.m */,
				627C317326E0A00F005A1423 /* RCTConvert+AirMap.h */,
				627C317426E0A00F005A1423 /* AIRMapCalloutSubview.m */,
				627C317526E0A00F005A1423 /* AIRMapOverlay.h */,
				627C317626E0A00F005A1423 /* AIRMapOverlayRenderer.h */,
				627C317726E0A00F005A1423 /* AIRMapManager.h */,
				627C317826E0A00F005A1423 /* AIRMapPolylineManager.m */,
				627C317926E0A00F005A1423 /* AIRMapCalloutManager.h */,
				627C317A26E0A00F005A1423 /* Callout */,
				627C317D26E0A00F005A1423 /* AIRMapLocalTileOverlay.m */,
				627C317E26E0A00F005A1423 /* AIRWeakTimerReference.m */,
				627C317F26E0A00F005A1423 /* AIRMapCallout.m */,
				627C318026E0A00F005A1423 /* AIRMapLocalTileManager.m */,
				627C318126E0A00F005A1423 /* AIRMapPolyline.m */,
				627C318226E0A00F005A1423 /* AIRMapSnapshot.h */,
				627C318326E0A00F005A1423 /* AIRWeakMapReference.m */,
				627C318426E0A00F005A1423 /* AIRMapCircleManager.m */,
				627C318526E0A00F005A1423 /* AIRMapMarker.m */,
				627C318626E0A00F005A1423 /* AIRMapPolygonManager.m */,
				627C318726E0A00F005A1423 /* AIRMapPolygon.m */,
				627C318826E0A00F005A1423 /* AIRMap.m */,
				627C318926E0A00F005A1423 /* AIRMapCoordinate.h */,
				627C318A26E0A00F005A1423 /* AIRMapCircle.m */,
				627C318B26E0A00F005A1423 /* AIRMapOverlayManager.h */,
				627C318C26E0A00F005A1423 /* AIRMapWMSTile.m */,
				627C318D26E0A00F005A1423 /* AIRMapPolylineRenderer.h */,
				627C318E26E0A00F005A1423 /* AIRMapUrlTile.h */,
				627C318F26E0A00F005A1423 /* AIRMapCalloutSubviewManager.m */,
				627C319026E0A00F005A1423 /* AIRMapUrlTileManager.m */,
				627C319126E0A00F005A1423 /* AIRMapMarkerManager.h */,
				627C319226E0A00F005A1423 /* AIRMapWMSTileManager.m */,
				627C319326E0A00F005A1423 /* AIRMapLocalTile.h */,
				627C319426E0A00F005A1423 /* AIRMapPolylineManager.h */,
				627C319526E0A00F005A1423 /* AIRMapManager.m */,
				627C319626E0A00F005A1423 /* AIRMapOverlay.m */,
				627C319726E0A00F005A1423 /* AIRMapOverlayRenderer.m */,
				627C319826E0A00F005A1423 /* AIRMapCalloutSubview.h */,
				627C319926E0A00F005A1423 /* RCTConvert+AirMap.m */,
			);
			name = AirMaps;
			path = "../node_modules/react-native-maps/lib/ios/AirMaps";
			sourceTree = "<group>";
		};
		627C317A26E0A00F005A1423 /* Callout */ = {
			isa = PBXGroup;
			children = (
				627C317B26E0A00F005A1423 /* SMCalloutView.m */,
				627C317C26E0A00F005A1423 /* SMCalloutView.h */,
			);
			path = Callout;
			sourceTree = "<group>";
		};
		832341AE1AAA6A7D00B99B32 /* Libraries */ = {
			isa = PBXGroup;
			children = (
			);
			name = Libraries;
			sourceTree = "<group>";
		};
		83CBB9F61A601CBA00E9B192 = {
			isa = PBXGroup;
			children = (
				46CE74AB247A94F300C08A0B /* File.swift */,
				20F357AE24636CDF00C146DC /* BringgDriverSdkIosExample-Bridging-Header.h */,
				13B07FAE1A68108700A75B9A /* BringgDriverSdkIosExample */,
				832341AE1AAA6A7D00B99B32 /* Libraries */,
				83CBBA001A601CBA00E9B192 /* Products */,
				2D16E6871FA4F8E400B85C8A /* Frameworks */,
				1CFFDEF7170271C97B8B7E5A /* Pods */,
				20F357AD24636CDE00C146DC /* BringgDriverSdkIosExample-Bridging-Header.h */,
			);
			indentWidth = 2;
			sourceTree = "<group>";
			tabWidth = 2;
			usesTabs = 0;
		};
		83CBBA001A601CBA00E9B192 /* Products */ = {
			isa = PBXGroup;
			children = (
				13B07F961A680F5B00A75B9A /* BringgDriverSdkIosExample.app */,
			);
			name = Products;
			sourceTree = "<group>";
		};
/* End PBXGroup section */

/* Begin PBXNativeTarget section */
		13B07F861A680F5B00A75B9A /* BringgDriverSdkIosExample */ = {
			isa = PBXNativeTarget;
			buildConfigurationList = 13B07F931A680F5B00A75B9A /* Build configuration list for PBXNativeTarget "BringgDriverSdkIosExample" */;
			buildPhases = (
				CCCC07BCAFDEF1FCADC0D0C9 /* [CP] Check Pods Manifest.lock */,
				FD10A7F022414F080027D42C /* Start Packager */,
				13B07F871A680F5B00A75B9A /* Sources */,
				13B07F8C1A680F5B00A75B9A /* Frameworks */,
				13B07F8E1A680F5B00A75B9A /* Resources */,
				00DD1BFF1BD5951E006B06BC /* Bundle React Native code and images */,
				0726F27475EC590E1185F48F /* [CP] Embed Pods Frameworks */,
				218F2DBD103B26E93FDCDD4C /* [CP] Copy Pods Resources */,
			);
			buildRules = (
			);
			dependencies = (
			);
			name = BringgDriverSdkIosExample;
			productName = BringgDriverSdkIosExample;
			productReference = 13B07F961A680F5B00A75B9A /* BringgDriverSdkIosExample.app */;
			productType = "com.apple.product-type.application";
		};
/* End PBXNativeTarget section */

/* Begin PBXProject section */
		83CBB9F71A601CBA00E9B192 /* Project object */ = {
			isa = PBXProject;
			attributes = {
				LastUpgradeCheck = 0940;
				ORGANIZATIONNAME = Facebook;
				TargetAttributes = {
					13B07F861A680F5B00A75B9A = {
						DevelopmentTeam = CKS8FLBEB2;
						LastSwiftMigration = 1110;
					};
				};
			};
			buildConfigurationList = 83CBB9FA1A601CBA00E9B192 /* Build configuration list for PBXProject "BringgDriverSdkIosExample" */;
			compatibilityVersion = "Xcode 3.2";
			developmentRegion = English;
			hasScannedForEncodings = 0;
			knownRegions = (
				English,
				en,
				Base,
			);
			mainGroup = 83CBB9F61A601CBA00E9B192;
			productRefGroup = 83CBBA001A601CBA00E9B192 /* Products */;
			projectDirPath = "";
			projectRoot = "";
			targets = (
				13B07F861A680F5B00A75B9A /* BringgDriverSdkIosExample */,
			);
		};
/* End PBXProject section */

/* Begin PBXResourcesBuildPhase section */
		13B07F8E1A680F5B00A75B9A /* Resources */ = {
			isa = PBXResourcesBuildPhase;
			buildActionMask = 2147483647;
			files = (
				13B07FBF1A68108700A75B9A /* Images.xcassets in Resources */,
				13B07FBD1A68108700A75B9A /* LaunchScreen.xib in Resources */,
			);
			runOnlyForDeploymentPostprocessing = 0;
		};
/* End PBXResourcesBuildPhase section */

/* Begin PBXShellScriptBuildPhase section */
		00DD1BFF1BD5951E006B06BC /* Bundle React Native code and images */ = {
			isa = PBXShellScriptBuildPhase;
			buildActionMask = 2147483647;
			files = (
			);
			inputPaths = (
			);
			name = "Bundle React Native code and images";
			outputPaths = (
			);
			runOnlyForDeploymentPostprocessing = 0;
			shellPath = /bin/sh;
			shellScript = "export NODE_BINARY=node\n../node_modules/react-native/scripts/react-native-xcode.sh";
		};
		0726F27475EC590E1185F48F /* [CP] Embed Pods Frameworks */ = {
			isa = PBXShellScriptBuildPhase;
			buildActionMask = 2147483647;
			files = (
			);
			inputPaths = (
				"${PODS_ROOT}/Target Support Files/Pods-BringgDriverSdkIosExample/Pods-BringgDriverSdkIosExample-frameworks.sh",
				"${BUILT_PRODUCTS_DIR}/Alamofire/Alamofire.framework",
				"${BUILT_PRODUCTS_DIR}/DeviceKit/DeviceKit.framework",
				"${BUILT_PRODUCTS_DIR}/DoubleConversion/DoubleConversion.framework",
				"${BUILT_PRODUCTS_DIR}/FBReactNativeSpec/FBReactNativeSpec.framework",
				"${BUILT_PRODUCTS_DIR}/Flipper-DoubleConversion/DoubleConversion.framework",
				"${BUILT_PRODUCTS_DIR}/Flipper-Glog/glog.framework",
				"${BUILT_PRODUCTS_DIR}/GzipSwift/Gzip.framework",
				"${BUILT_PRODUCTS_DIR}/KeychainAccess/KeychainAccess.framework",
				"${BUILT_PRODUCTS_DIR}/Kingfisher/Kingfisher.framework",
				"${BUILT_PRODUCTS_DIR}/ObjcExceptionBridging/ObjcExceptionBridging.framework",
				"${BUILT_PRODUCTS_DIR}/RCT-Folly/folly.framework",
				"${BUILT_PRODUCTS_DIR}/RCTTypeSafety/RCTTypeSafety.framework",
				"${BUILT_PRODUCTS_DIR}/RNDateTimePicker/RNDateTimePicker.framework",
				"${BUILT_PRODUCTS_DIR}/React-Core/React.framework",
				"${BUILT_PRODUCTS_DIR}/React-CoreModules/CoreModules.framework",
				"${BUILT_PRODUCTS_DIR}/React-RCTAnimation/RCTAnimation.framework",
				"${BUILT_PRODUCTS_DIR}/React-RCTBlob/RCTBlob.framework",
				"${BUILT_PRODUCTS_DIR}/React-RCTImage/RCTImage.framework",
				"${BUILT_PRODUCTS_DIR}/React-RCTLinking/RCTLinking.framework",
				"${BUILT_PRODUCTS_DIR}/React-RCTNetwork/RCTNetwork.framework",
				"${BUILT_PRODUCTS_DIR}/React-RCTSettings/RCTSettings.framework",
				"${BUILT_PRODUCTS_DIR}/React-RCTText/RCTText.framework",
				"${BUILT_PRODUCTS_DIR}/React-RCTVibration/RCTVibration.framework",
				"${BUILT_PRODUCTS_DIR}/React-cxxreact/cxxreact.framework",
				"${BUILT_PRODUCTS_DIR}/React-jsi/jsi.framework",
				"${BUILT_PRODUCTS_DIR}/React-jsiexecutor/jsireact.framework",
				"${BUILT_PRODUCTS_DIR}/React-jsinspector/jsinspector.framework",
				"${BUILT_PRODUCTS_DIR}/React-perflogger/reactperflogger.framework",
				"${BUILT_PRODUCTS_DIR}/ReactCommon/ReactCommon.framework",
				"${BUILT_PRODUCTS_DIR}/Realm/Realm.framework",
				"${BUILT_PRODUCTS_DIR}/RealmSwift/RealmSwift.framework",
				"${BUILT_PRODUCTS_DIR}/Socket.IO-Client-Swift/SocketIO.framework",
				"${BUILT_PRODUCTS_DIR}/Starscream/Starscream.framework",
				"${BUILT_PRODUCTS_DIR}/XCGLogger/XCGLogger.framework",
				"${BUILT_PRODUCTS_DIR}/Yoga/yoga.framework",
				"${BUILT_PRODUCTS_DIR}/glog/glog.framework",
				"${BUILT_PRODUCTS_DIR}/libPhoneNumber-iOS/libPhoneNumber_iOS.framework",
				"${BUILT_PRODUCTS_DIR}/libevent/libevent.framework",
				"${BUILT_PRODUCTS_DIR}/react-native-bringg-driver-sdk/react_native_bringg_driver_sdk.framework",
				"${BUILT_PRODUCTS_DIR}/react-native-maps/react_native_maps.framework",
				"${PODS_XCFRAMEWORKS_BUILD_DIR}/BringgDriverSDKObjc/BringgDriverSDKObjc.framework/BringgDriverSDKObjc",
				"${PODS_XCFRAMEWORKS_BUILD_DIR}/OpenSSL/OpenSSL.framework/OpenSSL",
			);
			name = "[CP] Embed Pods Frameworks";
			outputPaths = (
				"${TARGET_BUILD_DIR}/${FRAMEWORKS_FOLDER_PATH}/Alamofire.framework",
				"${TARGET_BUILD_DIR}/${FRAMEWORKS_FOLDER_PATH}/DeviceKit.framework",
				"${TARGET_BUILD_DIR}/${FRAMEWORKS_FOLDER_PATH}/DoubleConversion.framework",
				"${TARGET_BUILD_DIR}/${FRAMEWORKS_FOLDER_PATH}/FBReactNativeSpec.framework",
				"${TARGET_BUILD_DIR}/${FRAMEWORKS_FOLDER_PATH}/glog.framework",
				"${TARGET_BUILD_DIR}/${FRAMEWORKS_FOLDER_PATH}/Gzip.framework",
				"${TARGET_BUILD_DIR}/${FRAMEWORKS_FOLDER_PATH}/KeychainAccess.framework",
				"${TARGET_BUILD_DIR}/${FRAMEWORKS_FOLDER_PATH}/Kingfisher.framework",
				"${TARGET_BUILD_DIR}/${FRAMEWORKS_FOLDER_PATH}/ObjcExceptionBridging.framework",
				"${TARGET_BUILD_DIR}/${FRAMEWORKS_FOLDER_PATH}/folly.framework",
				"${TARGET_BUILD_DIR}/${FRAMEWORKS_FOLDER_PATH}/RCTTypeSafety.framework",
				"${TARGET_BUILD_DIR}/${FRAMEWORKS_FOLDER_PATH}/RNDateTimePicker.framework",
				"${TARGET_BUILD_DIR}/${FRAMEWORKS_FOLDER_PATH}/React.framework",
				"${TARGET_BUILD_DIR}/${FRAMEWORKS_FOLDER_PATH}/CoreModules.framework",
				"${TARGET_BUILD_DIR}/${FRAMEWORKS_FOLDER_PATH}/RCTAnimation.framework",
				"${TARGET_BUILD_DIR}/${FRAMEWORKS_FOLDER_PATH}/RCTBlob.framework",
				"${TARGET_BUILD_DIR}/${FRAMEWORKS_FOLDER_PATH}/RCTImage.framework",
				"${TARGET_BUILD_DIR}/${FRAMEWORKS_FOLDER_PATH}/RCTLinking.framework",
				"${TARGET_BUILD_DIR}/${FRAMEWORKS_FOLDER_PATH}/RCTNetwork.framework",
				"${TARGET_BUILD_DIR}/${FRAMEWORKS_FOLDER_PATH}/RCTSettings.framework",
				"${TARGET_BUILD_DIR}/${FRAMEWORKS_FOLDER_PATH}/RCTText.framework",
				"${TARGET_BUILD_DIR}/${FRAMEWORKS_FOLDER_PATH}/RCTVibration.framework",
				"${TARGET_BUILD_DIR}/${FRAMEWORKS_FOLDER_PATH}/cxxreact.framework",
				"${TARGET_BUILD_DIR}/${FRAMEWORKS_FOLDER_PATH}/jsi.framework",
				"${TARGET_BUILD_DIR}/${FRAMEWORKS_FOLDER_PATH}/jsireact.framework",
				"${TARGET_BUILD_DIR}/${FRAMEWORKS_FOLDER_PATH}/jsinspector.framework",
				"${TARGET_BUILD_DIR}/${FRAMEWORKS_FOLDER_PATH}/reactperflogger.framework",
				"${TARGET_BUILD_DIR}/${FRAMEWORKS_FOLDER_PATH}/ReactCommon.framework",
				"${TARGET_BUILD_DIR}/${FRAMEWORKS_FOLDER_PATH}/Realm.framework",
				"${TARGET_BUILD_DIR}/${FRAMEWORKS_FOLDER_PATH}/RealmSwift.framework",
				"${TARGET_BUILD_DIR}/${FRAMEWORKS_FOLDER_PATH}/SocketIO.framework",
				"${TARGET_BUILD_DIR}/${FRAMEWORKS_FOLDER_PATH}/Starscream.framework",
				"${TARGET_BUILD_DIR}/${FRAMEWORKS_FOLDER_PATH}/XCGLogger.framework",
				"${TARGET_BUILD_DIR}/${FRAMEWORKS_FOLDER_PATH}/yoga.framework",
				"${TARGET_BUILD_DIR}/${FRAMEWORKS_FOLDER_PATH}/libPhoneNumber_iOS.framework",
				"${TARGET_BUILD_DIR}/${FRAMEWORKS_FOLDER_PATH}/libevent.framework",
				"${TARGET_BUILD_DIR}/${FRAMEWORKS_FOLDER_PATH}/react_native_bringg_driver_sdk.framework",
				"${TARGET_BUILD_DIR}/${FRAMEWORKS_FOLDER_PATH}/react_native_maps.framework",
				"${TARGET_BUILD_DIR}/${FRAMEWORKS_FOLDER_PATH}/BringgDriverSDKObjc.framework",
				"${TARGET_BUILD_DIR}/${FRAMEWORKS_FOLDER_PATH}/OpenSSL.framework",
			);
			runOnlyForDeploymentPostprocessing = 0;
			shellPath = /bin/sh;
			shellScript = "\"${PODS_ROOT}/Target Support Files/Pods-BringgDriverSdkIosExample/Pods-BringgDriverSdkIosExample-frameworks.sh\"\n";
			showEnvVarsInLog = 0;
		};
		218F2DBD103B26E93FDCDD4C /* [CP] Copy Pods Resources */ = {
			isa = PBXShellScriptBuildPhase;
			buildActionMask = 2147483647;
			files = (
			);
			inputPaths = (
				"${PODS_ROOT}/Target Support Files/Pods-BringgDriverSdkIosExample/Pods-BringgDriverSdkIosExample-resources.sh",
				"${PODS_ROOT}/GoogleMaps/Maps/Frameworks/GoogleMaps.framework/Resources/GoogleMaps.bundle",
			);
			name = "[CP] Copy Pods Resources";
			outputPaths = (
				"${TARGET_BUILD_DIR}/${UNLOCALIZED_RESOURCES_FOLDER_PATH}/GoogleMaps.bundle",
			);
			runOnlyForDeploymentPostprocessing = 0;
			shellPath = /bin/sh;
			shellScript = "\"${PODS_ROOT}/Target Support Files/Pods-BringgDriverSdkIosExample/Pods-BringgDriverSdkIosExample-resources.sh\"\n";
			showEnvVarsInLog = 0;
		};
		CCCC07BCAFDEF1FCADC0D0C9 /* [CP] Check Pods Manifest.lock */ = {
			isa = PBXShellScriptBuildPhase;
			buildActionMask = 2147483647;
			files = (
			);
			inputFileListPaths = (
			);
			inputPaths = (
				"${PODS_PODFILE_DIR_PATH}/Podfile.lock",
				"${PODS_ROOT}/Manifest.lock",
			);
			name = "[CP] Check Pods Manifest.lock";
			outputFileListPaths = (
			);
			outputPaths = (
				"$(DERIVED_FILE_DIR)/Pods-BringgDriverSdkIosExample-checkManifestLockResult.txt",
			);
			runOnlyForDeploymentPostprocessing = 0;
			shellPath = /bin/sh;
			shellScript = "diff \"${PODS_PODFILE_DIR_PATH}/Podfile.lock\" \"${PODS_ROOT}/Manifest.lock\" > /dev/null\nif [ $? != 0 ] ; then\n    # print error to STDERR\n    echo \"error: The sandbox is not in sync with the Podfile.lock. Run 'pod install' or update your CocoaPods installation.\" >&2\n    exit 1\nfi\n# This output is used by Xcode 'outputs' to avoid re-running this script phase.\necho \"SUCCESS\" > \"${SCRIPT_OUTPUT_FILE_0}\"\n";
			showEnvVarsInLog = 0;
		};
		FD10A7F022414F080027D42C /* Start Packager */ = {
			isa = PBXShellScriptBuildPhase;
			buildActionMask = 2147483647;
			files = (
			);
			inputFileListPaths = (
			);
			inputPaths = (
			);
			name = "Start Packager";
			outputFileListPaths = (
			);
			outputPaths = (
			);
			runOnlyForDeploymentPostprocessing = 0;
			shellPath = /bin/sh;
			shellScript = "export RCT_METRO_PORT=\"${RCT_METRO_PORT:=8081}\"\necho \"export RCT_METRO_PORT=${RCT_METRO_PORT}\" > \"${SRCROOT}/../node_modules/react-native/scripts/.packager.env\"\nif [ -z \"${RCT_NO_LAUNCH_PACKAGER+xxx}\" ] ; then\n  if nc -w 5 -z localhost ${RCT_METRO_PORT} ; then\n    if ! curl -s \"http://localhost:${RCT_METRO_PORT}/status\" | grep -q \"packager-status:running\" ; then\n      echo \"Port ${RCT_METRO_PORT} already in use, packager is either not running or not running correctly\"\n      exit 2\n    fi\n  else\n    open \"$SRCROOT/../node_modules/react-native/scripts/launchPackager.command\" || echo \"Can't start packager automatically\"\n  fi\nfi\n";
			showEnvVarsInLog = 0;
		};
/* End PBXShellScriptBuildPhase section */

/* Begin PBXSourcesBuildPhase section */
		13B07F871A680F5B00A75B9A /* Sources */ = {
			isa = PBXSourcesBuildPhase;
			buildActionMask = 2147483647;
			files = (
				627C31BF26E0A00F005A1423 /* AIRMapLocalTileOverlay.m in Sources */,
				627C319A26E0A00F005A1423 /* AIRDummyView.m in Sources */,
				627C319B26E0A00F005A1423 /* AIRGoogleMapUrlTile.m in Sources */,
				627C31A326E0A00F005A1423 /* AIRGoogleMapCalloutManager.m in Sources */,
				627C31AE26E0A00F005A1423 /* AIRGoogleMapCallout.m in Sources */,
				627C31CD26E0A00F005A1423 /* AIRMapUrlTileManager.m in Sources */,
				627C31C626E0A00F005A1423 /* AIRMapMarker.m in Sources */,
				627C31BB26E0A00F005A1423 /* AIRMapCoordinate.m in Sources */,
				627C31C726E0A00F005A1423 /* AIRMapPolygonManager.m in Sources */,
				627C31B326E0A00F005A1423 /* AIRGMSMarker.m in Sources */,
				627C31A826E0A00F005A1423 /* AIRGoogleMapOverlay.m in Sources */,
				627C31A526E0A00F005A1423 /* AIRGoogleMapPolyline.m in Sources */,
				627C31B926E0A00F005A1423 /* AIRMapPolylineRenderer.m in Sources */,
				627C31A126E0A00F005A1423 /* AIRGoogleMapCircle.m in Sources */,
				13B07FBC1A68108700A75B9A /* AppDelegate.m in Sources */,
				627C319D26E0A00F005A1423 /* AIRGoogleMapMarker.m in Sources */,
				627C31B526E0A00F005A1423 /* AIRMapCalloutManager.m in Sources */,
				627C319F26E0A00F005A1423 /* AIRGoogleMapURLTileManager.m in Sources */,
				627C31BC26E0A00F005A1423 /* AIRMapCalloutSubview.m in Sources */,
				627C31AF26E0A00F005A1423 /* AIRGoogleMapOverlayManager.m in Sources */,
				627C31C426E0A00F005A1423 /* AIRWeakMapReference.m in Sources */,
				627C31C826E0A00F005A1423 /* AIRMapPolygon.m in Sources */,
				627C319C26E0A00F005A1423 /* AIRGoogleMapPolygonManager.m in Sources */,
				627C31C026E0A00F005A1423 /* AIRWeakTimerReference.m in Sources */,
				627C31B126E0A00F005A1423 /* AIRGoogleMap.m in Sources */,
				627C31A626E0A00F005A1423 /* AIRGoogleMapHeatmapManager.m in Sources */,
				627C31C226E0A00F005A1423 /* AIRMapLocalTileManager.m in Sources */,
				627C31B026E0A00F005A1423 /* AIRGoogleMapHeatmap.m in Sources */,
				627C31A926E0A00F005A1423 /* AIRGMSPolyline.m in Sources */,
				627C31B426E0A00F005A1423 /* AIRGoogleMapCalloutSubview.m in Sources */,
				627C31A426E0A00F005A1423 /* AIRGoogleMapMarkerManager.m in Sources */,
				627C319E26E0A00F005A1423 /* AIRGMSPolygon.m in Sources */,
				627C31B726E0A00F005A1423 /* AIRMapMarkerManager.m in Sources */,
				627C31CC26E0A00F005A1423 /* AIRMapCalloutSubviewManager.m in Sources */,
				627C31CB26E0A00F005A1423 /* AIRMapWMSTile.m in Sources */,
				627C31C526E0A00F005A1423 /* AIRMapCircleManager.m in Sources */,
				627C31BE26E0A00F005A1423 /* SMCalloutView.m in Sources */,
				627C31D226E0A00F005A1423 /* RCTConvert+AirMap.m in Sources */,
				627C31AA26E0A00F005A1423 /* AIRGoogleMapPolylineManager.m in Sources */,
				627C31D026E0A00F005A1423 /* AIRMapOverlay.m in Sources */,
				627C31D126E0A00F005A1423 /* AIRMapOverlayRenderer.m in Sources */,
				627C31CF26E0A00F005A1423 /* AIRMapManager.m in Sources */,
				627C31B826E0A00F005A1423 /* AIRMapUrlTile.m in Sources */,
				627C31B226E0A00F005A1423 /* AIRGoogleMapPolygon.m in Sources */,
				627C31CA26E0A00F005A1423 /* AIRMapCircle.m in Sources */,
				627C31C326E0A00F005A1423 /* AIRMapPolyline.m in Sources */,
				627C31A726E0A00F005A1423 /* AIRGoogleMapWMSTile.m in Sources */,
				46CE74AC247A94F300C08A0B /* File.swift in Sources */,
				627C31BD26E0A00F005A1423 /* AIRMapPolylineManager.m in Sources */,
				627C31BA26E0A00F005A1423 /* AIRMapOverlayManager.m in Sources */,
				627C31AB26E0A00F005A1423 /* AIRGoogleMapManager.m in Sources */,
				627C31AD26E0A00F005A1423 /* AIRGoogleMapCalloutSubviewManager.m in Sources */,
				627C31C926E0A00F005A1423 /* AIRMap.m in Sources */,
				627C31A026E0A00F005A1423 /* AIRGoogleMapWMSTileManager.m in Sources */,
				627C31AC26E0A00F005A1423 /* RCTConvert+GMSMapViewType.m in Sources */,
				627C31CE26E0A00F005A1423 /* AIRMapWMSTileManager.m in Sources */,
				627C31A226E0A00F005A1423 /* AIRGoogleMapCircleManager.m in Sources */,
				13B07FC11A68108700A75B9A /* main.m in Sources */,
				627C31C126E0A00F005A1423 /* AIRMapCallout.m in Sources */,
				627C31B626E0A00F005A1423 /* AIRMapLocalTile.m in Sources */,
			);
			runOnlyForDeploymentPostprocessing = 0;
		};
/* End PBXSourcesBuildPhase section */

/* Begin PBXVariantGroup section */
		13B07FB11A68108700A75B9A /* LaunchScreen.xib */ = {
			isa = PBXVariantGroup;
			children = (
				13B07FB21A68108700A75B9A /* Base */,
			);
			name = LaunchScreen.xib;
			path = BringgDriverSdkIosExample;
			sourceTree = "<group>";
		};
/* End PBXVariantGroup section */

/* Begin XCBuildConfiguration section */
		13B07F941A680F5B00A75B9A /* Debug */ = {
			isa = XCBuildConfiguration;
			baseConfigurationReference = 871719007ECC5EAD276C345C /* Pods-BringgDriverSdkIosExample.debug.xcconfig */;
			buildSettings = {
				ASSETCATALOG_COMPILER_APPICON_NAME = AppIcon;
				BUILD_LIBRARY_FOR_DISTRIBUTION = NO;
				CLANG_ENABLE_MODULES = YES;
				CURRENT_PROJECT_VERSION = 1;
				DEAD_CODE_STRIPPING = NO;
				DEVELOPMENT_TEAM = CKS8FLBEB2;
				GCC_PREPROCESSOR_DEFINITIONS = (
					"$(inherited)",
					"COCOAPODS=1",
					"FB_SONARKIT_ENABLED=1",
					"HAVE_GOOGLE_MAPS=1",
				);
				INFOPLIST_FILE = BringgDriverSdkIosExample/Info.plist;
				IPHONEOS_DEPLOYMENT_TARGET = 12.1;
				LD_RUNPATH_SEARCH_PATHS = "$(inherited) @executable_path/Frameworks";
				LIBRARY_SEARCH_PATHS = (
					"$(inherited)",
					"\"${PODS_CONFIGURATION_BUILD_DIR}/CocoaAsyncSocket\"",
					"\"${PODS_CONFIGURATION_BUILD_DIR}/Flipper\"",
					"\"${PODS_CONFIGURATION_BUILD_DIR}/Flipper-Folly\"",
					"\"${PODS_CONFIGURATION_BUILD_DIR}/Flipper-PeerTalk\"",
					"\"${PODS_CONFIGURATION_BUILD_DIR}/Flipper-RSocket\"",
					"\"${PODS_CONFIGURATION_BUILD_DIR}/FlipperKit\"",
					"\"${PODS_CONFIGURATION_BUILD_DIR}/YogaKit\"",
					"\"${PODS_ROOT}/CocoaLibEvent/lib\"",
					"\"${PODS_ROOT}/OpenSSL-Universal/ios/lib\"",
					"\"${PODS_ROOT}/Realm/core\"",
					"\"$(TOOLCHAIN_DIR)/usr/lib/swift/$(PLATFORM_NAME)\"",
				);
				OTHER_CFLAGS = (
					"$(inherited)",
					"-DFB_SONARKIT_ENABLED=1",
				);
				OTHER_LDFLAGS = (
					"$(inherited)",
					"-lc++",
				);
				PRODUCT_BUNDLE_IDENTIFIER = "org.reactjs.native.BringgDriverSdkIosExample.$(PRODUCT_NAME:rfc1034identifier)";
				PRODUCT_NAME = BringgDriverSdkIosExample;
				SWIFT_OBJC_BRIDGING_HEADER = "BringgDriverSdkIosExample-Bridging-Header.h";
				SWIFT_OPTIMIZATION_LEVEL = "-Onone";
				SWIFT_VERSION = 5.0;
				VERSIONING_SYSTEM = "apple-generic";
			};
			name = Debug;
		};
		13B07F951A680F5B00A75B9A /* Release */ = {
			isa = XCBuildConfiguration;
			baseConfigurationReference = 4D7192F03A36A017E887435B /* Pods-BringgDriverSdkIosExample.release.xcconfig */;
			buildSettings = {
				ASSETCATALOG_COMPILER_APPICON_NAME = AppIcon;
				BUILD_LIBRARY_FOR_DISTRIBUTION = NO;
				CLANG_ENABLE_MODULES = YES;
				CURRENT_PROJECT_VERSION = 1;
				DEVELOPMENT_TEAM = CKS8FLBEB2;
				GCC_PREPROCESSOR_DEFINITIONS = (
					"$(inherited)",
					"COCOAPODS=1",
					"HAVE_GOOGLE_MAPS=1",
				);
				INFOPLIST_FILE = BringgDriverSdkIosExample/Info.plist;
				IPHONEOS_DEPLOYMENT_TARGET = 12.1;
				LD_RUNPATH_SEARCH_PATHS = "$(inherited) @executable_path/Frameworks";
				LIBRARY_SEARCH_PATHS = (
					"$(inherited)",
					"\"${PODS_CONFIGURATION_BUILD_DIR}/CocoaAsyncSocket\"",
					"\"${PODS_CONFIGURATION_BUILD_DIR}/Flipper\"",
					"\"${PODS_CONFIGURATION_BUILD_DIR}/Flipper-Folly\"",
					"\"${PODS_CONFIGURATION_BUILD_DIR}/Flipper-PeerTalk\"",
					"\"${PODS_CONFIGURATION_BUILD_DIR}/Flipper-RSocket\"",
					"\"${PODS_CONFIGURATION_BUILD_DIR}/YogaKit\"",
					"\"${PODS_ROOT}/CocoaLibEvent/lib\"",
					"\"${PODS_ROOT}/OpenSSL-Universal/ios/lib\"",
					"\"${PODS_ROOT}/Realm/core\"",
					"\"$(TOOLCHAIN_DIR)/usr/lib/swift/$(PLATFORM_NAME)\"",
				);
				OTHER_CFLAGS = (
					"$(inherited)",
					"-DFB_SONARKIT_ENABLED=1",
				);
				OTHER_LDFLAGS = (
					"$(inherited)",
					"-lc++",
				);
				PRODUCT_BUNDLE_IDENTIFIER = "org.reactjs.native.BringgDriverSdkIosExample.$(PRODUCT_NAME:rfc1034identifier)";
				PRODUCT_NAME = BringgDriverSdkIosExample;
				SWIFT_OBJC_BRIDGING_HEADER = "BringgDriverSdkIosExample-Bridging-Header.h";
				SWIFT_VERSION = 5.0;
				VERSIONING_SYSTEM = "apple-generic";
			};
			name = Release;
		};
		83CBBA201A601CBA00E9B192 /* Debug */ = {
			isa = XCBuildConfiguration;
			buildSettings = {
				ALWAYS_SEARCH_USER_PATHS = NO;
				CLANG_CXX_LANGUAGE_STANDARD = "gnu++0x";
				CLANG_CXX_LIBRARY = "libc++";
				CLANG_ENABLE_MODULES = YES;
				CLANG_ENABLE_OBJC_ARC = YES;
				CLANG_WARN_BLOCK_CAPTURE_AUTORELEASING = YES;
				CLANG_WARN_BOOL_CONVERSION = YES;
				CLANG_WARN_COMMA = YES;
				CLANG_WARN_CONSTANT_CONVERSION = YES;
				CLANG_WARN_DEPRECATED_OBJC_IMPLEMENTATIONS = YES;
				CLANG_WARN_DIRECT_OBJC_ISA_USAGE = YES_ERROR;
				CLANG_WARN_EMPTY_BODY = YES;
				CLANG_WARN_ENUM_CONVERSION = YES;
				CLANG_WARN_INFINITE_RECURSION = YES;
				CLANG_WARN_INT_CONVERSION = YES;
				CLANG_WARN_NON_LITERAL_NULL_CONVERSION = YES;
				CLANG_WARN_OBJC_IMPLICIT_RETAIN_SELF = YES;
				CLANG_WARN_OBJC_LITERAL_CONVERSION = YES;
				CLANG_WARN_OBJC_ROOT_CLASS = YES_ERROR;
				CLANG_WARN_RANGE_LOOP_ANALYSIS = YES;
				CLANG_WARN_STRICT_PROTOTYPES = YES;
				CLANG_WARN_SUSPICIOUS_MOVE = YES;
				CLANG_WARN_UNREACHABLE_CODE = YES;
				CLANG_WARN__DUPLICATE_METHOD_MATCH = YES;
				"CODE_SIGN_IDENTITY[sdk=iphoneos*]" = "iPhone Developer";
				COPY_PHASE_STRIP = NO;
				ENABLE_STRICT_OBJC_MSGSEND = YES;
				ENABLE_TESTABILITY = YES;
				GCC_C_LANGUAGE_STANDARD = gnu99;
				GCC_DYNAMIC_NO_PIC = NO;
				GCC_NO_COMMON_BLOCKS = YES;
				GCC_OPTIMIZATION_LEVEL = 0;
				GCC_PREPROCESSOR_DEFINITIONS = (
					"DEBUG=1",
					"$(inherited)",
				);
				GCC_SYMBOLS_PRIVATE_EXTERN = NO;
				GCC_WARN_64_TO_32_BIT_CONVERSION = YES;
				GCC_WARN_ABOUT_RETURN_TYPE = YES_ERROR;
				GCC_WARN_UNDECLARED_SELECTOR = YES;
				GCC_WARN_UNINITIALIZED_AUTOS = YES_AGGRESSIVE;
				GCC_WARN_UNUSED_FUNCTION = YES;
				GCC_WARN_UNUSED_VARIABLE = YES;
				IPHONEOS_DEPLOYMENT_TARGET = 12.1;
				MTL_ENABLE_DEBUG_INFO = YES;
				ONLY_ACTIVE_ARCH = YES;
				SDKROOT = iphoneos;
			};
			name = Debug;
		};
		83CBBA211A601CBA00E9B192 /* Release */ = {
			isa = XCBuildConfiguration;
			buildSettings = {
				ALWAYS_SEARCH_USER_PATHS = NO;
				CLANG_CXX_LANGUAGE_STANDARD = "gnu++0x";
				CLANG_CXX_LIBRARY = "libc++";
				CLANG_ENABLE_MODULES = YES;
				CLANG_ENABLE_OBJC_ARC = YES;
				CLANG_WARN_BLOCK_CAPTURE_AUTORELEASING = YES;
				CLANG_WARN_BOOL_CONVERSION = YES;
				CLANG_WARN_COMMA = YES;
				CLANG_WARN_CONSTANT_CONVERSION = YES;
				CLANG_WARN_DEPRECATED_OBJC_IMPLEMENTATIONS = YES;
				CLANG_WARN_DIRECT_OBJC_ISA_USAGE = YES_ERROR;
				CLANG_WARN_EMPTY_BODY = YES;
				CLANG_WARN_ENUM_CONVERSION = YES;
				CLANG_WARN_INFINITE_RECURSION = YES;
				CLANG_WARN_INT_CONVERSION = YES;
				CLANG_WARN_NON_LITERAL_NULL_CONVERSION = YES;
				CLANG_WARN_OBJC_IMPLICIT_RETAIN_SELF = YES;
				CLANG_WARN_OBJC_LITERAL_CONVERSION = YES;
				CLANG_WARN_OBJC_ROOT_CLASS = YES_ERROR;
				CLANG_WARN_RANGE_LOOP_ANALYSIS = YES;
				CLANG_WARN_STRICT_PROTOTYPES = YES;
				CLANG_WARN_SUSPICIOUS_MOVE = YES;
				CLANG_WARN_UNREACHABLE_CODE = YES;
				CLANG_WARN__DUPLICATE_METHOD_MATCH = YES;
				"CODE_SIGN_IDENTITY[sdk=iphoneos*]" = "iPhone Developer";
				COPY_PHASE_STRIP = YES;
				ENABLE_NS_ASSERTIONS = NO;
				ENABLE_STRICT_OBJC_MSGSEND = YES;
				GCC_C_LANGUAGE_STANDARD = gnu99;
				GCC_NO_COMMON_BLOCKS = YES;
				GCC_WARN_64_TO_32_BIT_CONVERSION = YES;
				GCC_WARN_ABOUT_RETURN_TYPE = YES_ERROR;
				GCC_WARN_UNDECLARED_SELECTOR = YES;
				GCC_WARN_UNINITIALIZED_AUTOS = YES_AGGRESSIVE;
				GCC_WARN_UNUSED_FUNCTION = YES;
				GCC_WARN_UNUSED_VARIABLE = YES;
				IPHONEOS_DEPLOYMENT_TARGET = 12.1;
				MTL_ENABLE_DEBUG_INFO = NO;
				SDKROOT = iphoneos;
				VALIDATE_PRODUCT = YES;
			};
			name = Release;
		};
/* End XCBuildConfiguration section */

/* Begin XCConfigurationList section */
		13B07F931A680F5B00A75B9A /* Build configuration list for PBXNativeTarget "BringgDriverSdkIosExample" */ = {
			isa = XCConfigurationList;
			buildConfigurations = (
				13B07F941A680F5B00A75B9A /* Debug */,
				13B07F951A680F5B00A75B9A /* Release */,
			);
			defaultConfigurationIsVisible = 0;
			defaultConfigurationName = Release;
		};
		83CBB9FA1A601CBA00E9B192 /* Build configuration list for PBXProject "BringgDriverSdkIosExample" */ = {
			isa = XCConfigurationList;
			buildConfigurations = (
				83CBBA201A601CBA00E9B192 /* Debug */,
				83CBBA211A601CBA00E9B192 /* Release */,
			);
			defaultConfigurationIsVisible = 0;
			defaultConfigurationName = Release;
		};
/* End XCConfigurationList section */
	};
	rootObject = 83CBB9F71A601CBA00E9B192 /* Project object */;
}
