// !$*UTF8*$!
{
	archiveVersion = 1;
	classes = {
	};
	objectVersion = 46;
	objects = {

/* Begin PBXBuildFile section */
		13B07FBC1A68108700A75B9A /* AppDelegate.m in Sources */ = {isa = PBXBuildFile; fileRef = 13B07FB01A68108700A75B9A /* AppDelegate.m */; };
		13B07FBD1A68108700A75B9A /* LaunchScreen.xib in Resources */ = {isa = PBXBuildFile; fileRef = 13B07FB11A68108700A75B9A /* LaunchScreen.xib */; };
		13B07FBF1A68108700A75B9A /* Images.xcassets in Resources */ = {isa = PBXBuildFile; fileRef = 13B07FB51A68108700A75B9A /* Images.xcassets */; };
		13B07FC11A68108700A75B9A /* main.m in Sources */ = {isa = PBXBuildFile; fileRef = 13B07FB71A68108700A75B9A /* main.m */; };
		2E0A3259A3287A53A0E76036 /* libPods-BringgDriverSdkIosExample.a in Frameworks */ = {isa = PBXBuildFile; fileRef = 2DB5A2E9C618119445513F67 /* libPods-BringgDriverSdkIosExample.a */; };
		46CE74AC247A94F300C08A0B /* File.swift in Sources */ = {isa = PBXBuildFile; fileRef = 46CE74AB247A94F300C08A0B /* File.swift */; };
		627D473226EE2E060073E14E /* AIRDummyView.m in Sources */ = {isa = PBXBuildFile; fileRef = 627D46FC26EE2E060073E14E /* AIRDummyView.m */; };
		627D473326EE2E060073E14E /* AIRGoogleMapUrlTile.m in Sources */ = {isa = PBXBuildFile; fileRef = 627D470026EE2E060073E14E /* AIRGoogleMapUrlTile.m */; };
		627D473426EE2E060073E14E /* AIRGoogleMapPolygonManager.m in Sources */ = {isa = PBXBuildFile; fileRef = 627D470326EE2E060073E14E /* AIRGoogleMapPolygonManager.m */; };
		627D473526EE2E060073E14E /* AIRGoogleMapMarker.m in Sources */ = {isa = PBXBuildFile; fileRef = 627D470626EE2E060073E14E /* AIRGoogleMapMarker.m */; };
		627D473626EE2E060073E14E /* AIRGMSPolygon.m in Sources */ = {isa = PBXBuildFile; fileRef = 627D470A26EE2E060073E14E /* AIRGMSPolygon.m */; };
		627D473726EE2E060073E14E /* AIRGoogleMapURLTileManager.m in Sources */ = {isa = PBXBuildFile; fileRef = 627D470B26EE2E060073E14E /* AIRGoogleMapURLTileManager.m */; };
		627D473826EE2E060073E14E /* AIRGoogleMapWMSTileManager.m in Sources */ = {isa = PBXBuildFile; fileRef = 627D470C26EE2E060073E14E /* AIRGoogleMapWMSTileManager.m */; };
		627D473926EE2E060073E14E /* AIRGoogleMapCircle.m in Sources */ = {isa = PBXBuildFile; fileRef = 627D470D26EE2E060073E14E /* AIRGoogleMapCircle.m */; };
		627D473A26EE2E060073E14E /* AIRGoogleMapCircleManager.m in Sources */ = {isa = PBXBuildFile; fileRef = 627D471526EE2E060073E14E /* AIRGoogleMapCircleManager.m */; };
		627D473B26EE2E060073E14E /* AIRGoogleMapCalloutManager.m in Sources */ = {isa = PBXBuildFile; fileRef = 627D471726EE2E060073E14E /* AIRGoogleMapCalloutManager.m */; };
		627D473C26EE2E060073E14E /* AIRGoogleMapMarkerManager.m in Sources */ = {isa = PBXBuildFile; fileRef = 627D471826EE2E060073E14E /* AIRGoogleMapMarkerManager.m */; };
		627D473D26EE2E060073E14E /* AIRGoogleMapPolyline.m in Sources */ = {isa = PBXBuildFile; fileRef = 627D471A26EE2E060073E14E /* AIRGoogleMapPolyline.m */; };
		627D473E26EE2E060073E14E /* AIRGoogleMapHeatmapManager.m in Sources */ = {isa = PBXBuildFile; fileRef = 627D471B26EE2E060073E14E /* AIRGoogleMapHeatmapManager.m */; };
		627D473F26EE2E060073E14E /* AIRGoogleMapWMSTile.m in Sources */ = {isa = PBXBuildFile; fileRef = 627D471C26EE2E060073E14E /* AIRGoogleMapWMSTile.m */; };
		627D474026EE2E060073E14E /* AIRGoogleMapOverlay.m in Sources */ = {isa = PBXBuildFile; fileRef = 627D471F26EE2E060073E14E /* AIRGoogleMapOverlay.m */; };
		627D474126EE2E060073E14E /* AIRGMSPolyline.m in Sources */ = {isa = PBXBuildFile; fileRef = 627D472026EE2E060073E14E /* AIRGMSPolyline.m */; };
		627D474226EE2E060073E14E /* AIRGoogleMapPolylineManager.m in Sources */ = {isa = PBXBuildFile; fileRef = 627D472126EE2E060073E14E /* AIRGoogleMapPolylineManager.m */; };
		627D474326EE2E060073E14E /* AIRGoogleMapManager.m in Sources */ = {isa = PBXBuildFile; fileRef = 627D472226EE2E060073E14E /* AIRGoogleMapManager.m */; };
		627D474426EE2E060073E14E /* RCTConvert+GMSMapViewType.m in Sources */ = {isa = PBXBuildFile; fileRef = 627D472526EE2E060073E14E /* RCTConvert+GMSMapViewType.m */; };
		627D474526EE2E060073E14E /* AIRGoogleMapCalloutSubviewManager.m in Sources */ = {isa = PBXBuildFile; fileRef = 627D472626EE2E060073E14E /* AIRGoogleMapCalloutSubviewManager.m */; };
		627D474626EE2E060073E14E /* AIRGoogleMapCallout.m in Sources */ = {isa = PBXBuildFile; fileRef = 627D472726EE2E060073E14E /* AIRGoogleMapCallout.m */; };
		627D474726EE2E060073E14E /* AIRGoogleMapOverlayManager.m in Sources */ = {isa = PBXBuildFile; fileRef = 627D472826EE2E060073E14E /* AIRGoogleMapOverlayManager.m */; };
		627D474826EE2E060073E14E /* AIRGoogleMapHeatmap.m in Sources */ = {isa = PBXBuildFile; fileRef = 627D472926EE2E060073E14E /* AIRGoogleMapHeatmap.m */; };
		627D474926EE2E060073E14E /* AIRGoogleMap.m in Sources */ = {isa = PBXBuildFile; fileRef = 627D472A26EE2E060073E14E /* AIRGoogleMap.m */; };
		627D474A26EE2E060073E14E /* AIRGoogleMapPolygon.m in Sources */ = {isa = PBXBuildFile; fileRef = 627D472F26EE2E060073E14E /* AIRGoogleMapPolygon.m */; };
		627D474B26EE2E060073E14E /* AIRGMSMarker.m in Sources */ = {isa = PBXBuildFile; fileRef = 627D473026EE2E060073E14E /* AIRGMSMarker.m */; };
		627D474C26EE2E060073E14E /* AIRGoogleMapCalloutSubview.m in Sources */ = {isa = PBXBuildFile; fileRef = 627D473126EE2E060073E14E /* AIRGoogleMapCalloutSubview.m */; };
		627D478C26EE2E250073E14E /* AIRMapCalloutManager.m in Sources */ = {isa = PBXBuildFile; fileRef = 627D475226EE2E250073E14E /* AIRMapCalloutManager.m */; };
		627D478D26EE2E250073E14E /* AIRMapLocalTile.m in Sources */ = {isa = PBXBuildFile; fileRef = 627D475A26EE2E250073E14E /* AIRMapLocalTile.m */; };
		627D478E26EE2E250073E14E /* AIRMapMarkerManager.m in Sources */ = {isa = PBXBuildFile; fileRef = 627D475D26EE2E250073E14E /* AIRMapMarkerManager.m */; };
		627D478F26EE2E250073E14E /* AIRMapUrlTile.m in Sources */ = {isa = PBXBuildFile; fileRef = 627D475F26EE2E250073E14E /* AIRMapUrlTile.m */; };
		627D479026EE2E250073E14E /* AIRMapPolylineRenderer.m in Sources */ = {isa = PBXBuildFile; fileRef = 627D476026EE2E250073E14E /* AIRMapPolylineRenderer.m */; };
		627D479126EE2E250073E14E /* AIRMapOverlayManager.m in Sources */ = {isa = PBXBuildFile; fileRef = 627D476126EE2E250073E14E /* AIRMapOverlayManager.m */; };
		627D479226EE2E250073E14E /* AIRMapCoordinate.m in Sources */ = {isa = PBXBuildFile; fileRef = 627D476426EE2E250073E14E /* AIRMapCoordinate.m */; };
		627D479326EE2E250073E14E /* AIRMapCalloutSubview.m in Sources */ = {isa = PBXBuildFile; fileRef = 627D476626EE2E250073E14E /* AIRMapCalloutSubview.m */; };
		627D479426EE2E250073E14E /* AIRMapPolylineManager.m in Sources */ = {isa = PBXBuildFile; fileRef = 627D476A26EE2E250073E14E /* AIRMapPolylineManager.m */; };
		627D479526EE2E250073E14E /* SMCalloutView.m in Sources */ = {isa = PBXBuildFile; fileRef = 627D476D26EE2E250073E14E /* SMCalloutView.m */; };
		627D479626EE2E250073E14E /* AIRMapLocalTileOverlay.m in Sources */ = {isa = PBXBuildFile; fileRef = 627D476F26EE2E250073E14E /* AIRMapLocalTileOverlay.m */; };
		627D479726EE2E250073E14E /* AIRWeakTimerReference.m in Sources */ = {isa = PBXBuildFile; fileRef = 627D477026EE2E250073E14E /* AIRWeakTimerReference.m */; };
		627D479826EE2E250073E14E /* AIRMapCallout.m in Sources */ = {isa = PBXBuildFile; fileRef = 627D477126EE2E250073E14E /* AIRMapCallout.m */; };
		627D479926EE2E250073E14E /* AIRMapLocalTileManager.m in Sources */ = {isa = PBXBuildFile; fileRef = 627D477226EE2E250073E14E /* AIRMapLocalTileManager.m */; };
		627D479A26EE2E250073E14E /* AIRMapPolyline.m in Sources */ = {isa = PBXBuildFile; fileRef = 627D477326EE2E250073E14E /* AIRMapPolyline.m */; };
		627D479B26EE2E250073E14E /* AIRWeakMapReference.m in Sources */ = {isa = PBXBuildFile; fileRef = 627D477526EE2E250073E14E /* AIRWeakMapReference.m */; };
		627D479C26EE2E250073E14E /* AIRMapCircleManager.m in Sources */ = {isa = PBXBuildFile; fileRef = 627D477626EE2E250073E14E /* AIRMapCircleManager.m */; };
		627D479D26EE2E250073E14E /* AIRMapMarker.m in Sources */ = {isa = PBXBuildFile; fileRef = 627D477726EE2E250073E14E /* AIRMapMarker.m */; };
		627D479E26EE2E250073E14E /* AIRMapPolygonManager.m in Sources */ = {isa = PBXBuildFile; fileRef = 627D477826EE2E250073E14E /* AIRMapPolygonManager.m */; };
		627D479F26EE2E250073E14E /* AIRMapPolygon.m in Sources */ = {isa = PBXBuildFile; fileRef = 627D477926EE2E250073E14E /* AIRMapPolygon.m */; };
		627D47A026EE2E250073E14E /* AIRMap.m in Sources */ = {isa = PBXBuildFile; fileRef = 627D477A26EE2E250073E14E /* AIRMap.m */; };
		627D47A126EE2E250073E14E /* AIRMapCircle.m in Sources */ = {isa = PBXBuildFile; fileRef = 627D477C26EE2E250073E14E /* AIRMapCircle.m */; };
		627D47A226EE2E250073E14E /* AIRMapWMSTile.m in Sources */ = {isa = PBXBuildFile; fileRef = 627D477E26EE2E250073E14E /* AIRMapWMSTile.m */; };
		627D47A326EE2E250073E14E /* AIRMapCalloutSubviewManager.m in Sources */ = {isa = PBXBuildFile; fileRef = 627D478126EE2E250073E14E /* AIRMapCalloutSubviewManager.m */; };
		627D47A426EE2E250073E14E /* AIRMapUrlTileManager.m in Sources */ = {isa = PBXBuildFile; fileRef = 627D478226EE2E250073E14E /* AIRMapUrlTileManager.m */; };
		627D47A526EE2E250073E14E /* AIRMapWMSTileManager.m in Sources */ = {isa = PBXBuildFile; fileRef = 627D478426EE2E250073E14E /* AIRMapWMSTileManager.m */; };
		627D47A626EE2E250073E14E /* AIRMapManager.m in Sources */ = {isa = PBXBuildFile; fileRef = 627D478726EE2E250073E14E /* AIRMapManager.m */; };
		627D47A726EE2E250073E14E /* AIRMapOverlay.m in Sources */ = {isa = PBXBuildFile; fileRef = 627D478826EE2E250073E14E /* AIRMapOverlay.m */; };
		627D47A826EE2E250073E14E /* AIRMapOverlayRenderer.m in Sources */ = {isa = PBXBuildFile; fileRef = 627D478926EE2E250073E14E /* AIRMapOverlayRenderer.m */; };
		627D47A926EE2E250073E14E /* RCTConvert+AirMap.m in Sources */ = {isa = PBXBuildFile; fileRef = 627D478B26EE2E250073E14E /* RCTConvert+AirMap.m */; };
/* End PBXBuildFile section */

/* Begin PBXFileReference section */
		008F07F21AC5B25A0029DE68 /* main.jsbundle */ = {isa = PBXFileReference; fileEncoding = 4; lastKnownFileType = text; path = main.jsbundle; sourceTree = "<group>"; };
		13B07F961A680F5B00A75B9A /* BringgDriverSdkIosExample.app */ = {isa = PBXFileReference; explicitFileType = wrapper.application; includeInIndex = 0; path = BringgDriverSdkIosExample.app; sourceTree = BUILT_PRODUCTS_DIR; };
		13B07FAF1A68108700A75B9A /* AppDelegate.h */ = {isa = PBXFileReference; fileEncoding = 4; lastKnownFileType = sourcecode.c.h; name = AppDelegate.h; path = BringgDriverSdkIosExample/AppDelegate.h; sourceTree = "<group>"; };
		13B07FB01A68108700A75B9A /* AppDelegate.m */ = {isa = PBXFileReference; fileEncoding = 4; lastKnownFileType = sourcecode.c.objc; name = AppDelegate.m; path = BringgDriverSdkIosExample/AppDelegate.m; sourceTree = "<group>"; };
		13B07FB21A68108700A75B9A /* Base */ = {isa = PBXFileReference; lastKnownFileType = file.xib; name = Base; path = Base.lproj/LaunchScreen.xib; sourceTree = "<group>"; };
		13B07FB51A68108700A75B9A /* Images.xcassets */ = {isa = PBXFileReference; lastKnownFileType = folder.assetcatalog; name = Images.xcassets; path = BringgDriverSdkIosExample/Images.xcassets; sourceTree = "<group>"; };
		13B07FB61A68108700A75B9A /* Info.plist */ = {isa = PBXFileReference; fileEncoding = 4; lastKnownFileType = text.plist.xml; name = Info.plist; path = BringgDriverSdkIosExample/Info.plist; sourceTree = "<group>"; };
		13B07FB71A68108700A75B9A /* main.m */ = {isa = PBXFileReference; fileEncoding = 4; lastKnownFileType = sourcecode.c.objc; name = main.m; path = BringgDriverSdkIosExample/main.m; sourceTree = "<group>"; };
		20F357AD24636CDE00C146DC /* BringgDriverSdkIosExample-Bridging-Header.h */ = {isa = PBXFileReference; lastKnownFileType = sourcecode.c.h; path = "BringgDriverSdkIosExample-Bridging-Header.h"; sourceTree = "<group>"; };
		20F357AE24636CDF00C146DC /* BringgDriverSdkIosExample-Bridging-Header.h */ = {isa = PBXFileReference; fileEncoding = 4; lastKnownFileType = sourcecode.c.h; path = "BringgDriverSdkIosExample-Bridging-Header.h"; sourceTree = "<group>"; };
		2DB5A2E9C618119445513F67 /* libPods-BringgDriverSdkIosExample.a */ = {isa = PBXFileReference; explicitFileType = archive.ar; includeInIndex = 0; path = "libPods-BringgDriverSdkIosExample.a"; sourceTree = BUILT_PRODUCTS_DIR; };
		46CE74AB247A94F300C08A0B /* File.swift */ = {isa = PBXFileReference; lastKnownFileType = sourcecode.swift; path = File.swift; sourceTree = "<group>"; };
		4D7192F03A36A017E887435B /* Pods-BringgDriverSdkIosExample.release.xcconfig */ = {isa = PBXFileReference; includeInIndex = 1; lastKnownFileType = text.xcconfig; name = "Pods-BringgDriverSdkIosExample.release.xcconfig"; path = "Target Support Files/Pods-BringgDriverSdkIosExample/Pods-BringgDriverSdkIosExample.release.xcconfig"; sourceTree = "<group>"; };
		627D46FC26EE2E060073E14E /* AIRDummyView.m */ = {isa = PBXFileReference; fileEncoding = 4; lastKnownFileType = sourcecode.c.objc; path = AIRDummyView.m; sourceTree = "<group>"; };
		627D46FD26EE2E060073E14E /* AIRGoogleMapWMSTile.h */ = {isa = PBXFileReference; fileEncoding = 4; lastKnownFileType = sourcecode.c.h; path = AIRGoogleMapWMSTile.h; sourceTree = "<group>"; };
		627D46FE26EE2E060073E14E /* AIRGoogleMapPolyline.h */ = {isa = PBXFileReference; fileEncoding = 4; lastKnownFileType = sourcecode.c.h; path = AIRGoogleMapPolyline.h; sourceTree = "<group>"; };
		627D46FF26EE2E060073E14E /* AIRGoogleMapHeatmapManager.h */ = {isa = PBXFileReference; fileEncoding = 4; lastKnownFileType = sourcecode.c.h; path = AIRGoogleMapHeatmapManager.h; sourceTree = "<group>"; };
		627D470026EE2E060073E14E /* AIRGoogleMapUrlTile.m */ = {isa = PBXFileReference; fileEncoding = 4; lastKnownFileType = sourcecode.c.objc; path = AIRGoogleMapUrlTile.m; sourceTree = "<group>"; };
		627D470126EE2E060073E14E /* AIRGoogleMapMarkerManager.h */ = {isa = PBXFileReference; fileEncoding = 4; lastKnownFileType = sourcecode.c.h; path = AIRGoogleMapMarkerManager.h; sourceTree = "<group>"; };
		627D470226EE2E060073E14E /* AIRGoogleMapCalloutManager.h */ = {isa = PBXFileReference; fileEncoding = 4; lastKnownFileType = sourcecode.c.h; path = AIRGoogleMapCalloutManager.h; sourceTree = "<group>"; };
		627D470326EE2E060073E14E /* AIRGoogleMapPolygonManager.m */ = {isa = PBXFileReference; fileEncoding = 4; lastKnownFileType = sourcecode.c.objc; path = AIRGoogleMapPolygonManager.m; sourceTree = "<group>"; };
		627D470426EE2E060073E14E /* RCTConvert+GMSMapViewType.h */ = {isa = PBXFileReference; fileEncoding = 4; lastKnownFileType = sourcecode.c.h; path = "RCTConvert+GMSMapViewType.h"; sourceTree = "<group>"; };
		627D470526EE2E060073E14E /* AIRGoogleMapManager.h */ = {isa = PBXFileReference; fileEncoding = 4; lastKnownFileType = sourcecode.c.h; path = AIRGoogleMapManager.h; sourceTree = "<group>"; };
		627D470626EE2E060073E14E /* AIRGoogleMapMarker.m */ = {isa = PBXFileReference; fileEncoding = 4; lastKnownFileType = sourcecode.c.objc; path = AIRGoogleMapMarker.m; sourceTree = "<group>"; };
		627D470726EE2E060073E14E /* AIRGMSPolyline.h */ = {isa = PBXFileReference; fileEncoding = 4; lastKnownFileType = sourcecode.c.h; path = AIRGMSPolyline.h; sourceTree = "<group>"; };
		627D470826EE2E060073E14E /* AIRGoogleMapPolylineManager.h */ = {isa = PBXFileReference; fileEncoding = 4; lastKnownFileType = sourcecode.c.h; path = AIRGoogleMapPolylineManager.h; sourceTree = "<group>"; };
		627D470926EE2E060073E14E /* AIRGoogleMapOverlay.h */ = {isa = PBXFileReference; fileEncoding = 4; lastKnownFileType = sourcecode.c.h; path = AIRGoogleMapOverlay.h; sourceTree = "<group>"; };
		627D470A26EE2E060073E14E /* AIRGMSPolygon.m */ = {isa = PBXFileReference; fileEncoding = 4; lastKnownFileType = sourcecode.c.objc; path = AIRGMSPolygon.m; sourceTree = "<group>"; };
		627D470B26EE2E060073E14E /* AIRGoogleMapURLTileManager.m */ = {isa = PBXFileReference; fileEncoding = 4; lastKnownFileType = sourcecode.c.objc; path = AIRGoogleMapURLTileManager.m; sourceTree = "<group>"; };
		627D470C26EE2E060073E14E /* AIRGoogleMapWMSTileManager.m */ = {isa = PBXFileReference; fileEncoding = 4; lastKnownFileType = sourcecode.c.objc; path = AIRGoogleMapWMSTileManager.m; sourceTree = "<group>"; };
		627D470D26EE2E060073E14E /* AIRGoogleMapCircle.m */ = {isa = PBXFileReference; fileEncoding = 4; lastKnownFileType = sourcecode.c.objc; path = AIRGoogleMapCircle.m; sourceTree = "<group>"; };
		627D470E26EE2E060073E14E /* AIRGoogleMap.h */ = {isa = PBXFileReference; fileEncoding = 4; lastKnownFileType = sourcecode.c.h; path = AIRGoogleMap.h; sourceTree = "<group>"; };
		627D470F26EE2E060073E14E /* AIRGoogleMapHeatmap.h */ = {isa = PBXFileReference; fileEncoding = 4; lastKnownFileType = sourcecode.c.h; path = AIRGoogleMapHeatmap.h; sourceTree = "<group>"; };
		627D471026EE2E060073E14E /* AIRGoogleMapOverlayManager.h */ = {isa = PBXFileReference; fileEncoding = 4; lastKnownFileType = sourcecode.c.h; path = AIRGoogleMapOverlayManager.h; sourceTree = "<group>"; };
		627D471126EE2E060073E14E /* AIRGoogleMapCallout.h */ = {isa = PBXFileReference; fileEncoding = 4; lastKnownFileType = sourcecode.c.h; path = AIRGoogleMapCallout.h; sourceTree = "<group>"; };
		627D471226EE2E060073E14E /* AIRGoogleMapCalloutSubviewManager.h */ = {isa = PBXFileReference; fileEncoding = 4; lastKnownFileType = sourcecode.c.h; path = AIRGoogleMapCalloutSubviewManager.h; sourceTree = "<group>"; };
		627D471326EE2E060073E14E /* AIRGoogleMapCalloutSubview.h */ = {isa = PBXFileReference; fileEncoding = 4; lastKnownFileType = sourcecode.c.h; path = AIRGoogleMapCalloutSubview.h; sourceTree = "<group>"; };
		627D471426EE2E060073E14E /* AIRGMSMarker.h */ = {isa = PBXFileReference; fileEncoding = 4; lastKnownFileType = sourcecode.c.h; path = AIRGMSMarker.h; sourceTree = "<group>"; };
		627D471526EE2E060073E14E /* AIRGoogleMapCircleManager.m */ = {isa = PBXFileReference; fileEncoding = 4; lastKnownFileType = sourcecode.c.objc; path = AIRGoogleMapCircleManager.m; sourceTree = "<group>"; };
		627D471626EE2E060073E14E /* AIRGoogleMapPolygon.h */ = {isa = PBXFileReference; fileEncoding = 4; lastKnownFileType = sourcecode.c.h; path = AIRGoogleMapPolygon.h; sourceTree = "<group>"; };
		627D471726EE2E060073E14E /* AIRGoogleMapCalloutManager.m */ = {isa = PBXFileReference; fileEncoding = 4; lastKnownFileType = sourcecode.c.objc; path = AIRGoogleMapCalloutManager.m; sourceTree = "<group>"; };
		627D471826EE2E060073E14E /* AIRGoogleMapMarkerManager.m */ = {isa = PBXFileReference; fileEncoding = 4; lastKnownFileType = sourcecode.c.objc; path = AIRGoogleMapMarkerManager.m; sourceTree = "<group>"; };
		627D471926EE2E060073E14E /* AIRGoogleMapUrlTile.h */ = {isa = PBXFileReference; fileEncoding = 4; lastKnownFileType = sourcecode.c.h; path = AIRGoogleMapUrlTile.h; sourceTree = "<group>"; };
		627D471A26EE2E060073E14E /* AIRGoogleMapPolyline.m */ = {isa = PBXFileReference; fileEncoding = 4; lastKnownFileType = sourcecode.c.objc; path = AIRGoogleMapPolyline.m; sourceTree = "<group>"; };
		627D471B26EE2E060073E14E /* AIRGoogleMapHeatmapManager.m */ = {isa = PBXFileReference; fileEncoding = 4; lastKnownFileType = sourcecode.c.objc; path = AIRGoogleMapHeatmapManager.m; sourceTree = "<group>"; };
		627D471C26EE2E060073E14E /* AIRGoogleMapWMSTile.m */ = {isa = PBXFileReference; fileEncoding = 4; lastKnownFileType = sourcecode.c.objc; path = AIRGoogleMapWMSTile.m; sourceTree = "<group>"; };
		627D471D26EE2E060073E14E /* AIRDummyView.h */ = {isa = PBXFileReference; fileEncoding = 4; lastKnownFileType = sourcecode.c.h; path = AIRDummyView.h; sourceTree = "<group>"; };
		627D471E26EE2E060073E14E /* AIRGMSPolygon.h */ = {isa = PBXFileReference; fileEncoding = 4; lastKnownFileType = sourcecode.c.h; path = AIRGMSPolygon.h; sourceTree = "<group>"; };
		627D471F26EE2E060073E14E /* AIRGoogleMapOverlay.m */ = {isa = PBXFileReference; fileEncoding = 4; lastKnownFileType = sourcecode.c.objc; path = AIRGoogleMapOverlay.m; sourceTree = "<group>"; };
		627D472026EE2E060073E14E /* AIRGMSPolyline.m */ = {isa = PBXFileReference; fileEncoding = 4; lastKnownFileType = sourcecode.c.objc; path = AIRGMSPolyline.m; sourceTree = "<group>"; };
		627D472126EE2E060073E14E /* AIRGoogleMapPolylineManager.m */ = {isa = PBXFileReference; fileEncoding = 4; lastKnownFileType = sourcecode.c.objc; path = AIRGoogleMapPolylineManager.m; sourceTree = "<group>"; };
		627D472226EE2E060073E14E /* AIRGoogleMapManager.m */ = {isa = PBXFileReference; fileEncoding = 4; lastKnownFileType = sourcecode.c.objc; path = AIRGoogleMapManager.m; sourceTree = "<group>"; };
		627D472326EE2E060073E14E /* AIRGoogleMapMarker.h */ = {isa = PBXFileReference; fileEncoding = 4; lastKnownFileType = sourcecode.c.h; path = AIRGoogleMapMarker.h; sourceTree = "<group>"; };
		627D472426EE2E060073E14E /* AIRGoogleMapPolygonManager.h */ = {isa = PBXFileReference; fileEncoding = 4; lastKnownFileType = sourcecode.c.h; path = AIRGoogleMapPolygonManager.h; sourceTree = "<group>"; };
		627D472526EE2E060073E14E /* RCTConvert+GMSMapViewType.m */ = {isa = PBXFileReference; fileEncoding = 4; lastKnownFileType = sourcecode.c.objc; path = "RCTConvert+GMSMapViewType.m"; sourceTree = "<group>"; };
		627D472626EE2E060073E14E /* AIRGoogleMapCalloutSubviewManager.m */ = {isa = PBXFileReference; fileEncoding = 4; lastKnownFileType = sourcecode.c.objc; path = AIRGoogleMapCalloutSubviewManager.m; sourceTree = "<group>"; };
		627D472726EE2E060073E14E /* AIRGoogleMapCallout.m */ = {isa = PBXFileReference; fileEncoding = 4; lastKnownFileType = sourcecode.c.objc; path = AIRGoogleMapCallout.m; sourceTree = "<group>"; };
		627D472826EE2E060073E14E /* AIRGoogleMapOverlayManager.m */ = {isa = PBXFileReference; fileEncoding = 4; lastKnownFileType = sourcecode.c.objc; path = AIRGoogleMapOverlayManager.m; sourceTree = "<group>"; };
		627D472926EE2E060073E14E /* AIRGoogleMapHeatmap.m */ = {isa = PBXFileReference; fileEncoding = 4; lastKnownFileType = sourcecode.c.objc; path = AIRGoogleMapHeatmap.m; sourceTree = "<group>"; };
		627D472A26EE2E060073E14E /* AIRGoogleMap.m */ = {isa = PBXFileReference; fileEncoding = 4; lastKnownFileType = sourcecode.c.objc; path = AIRGoogleMap.m; sourceTree = "<group>"; };
		627D472B26EE2E060073E14E /* AIRGoogleMapCircle.h */ = {isa = PBXFileReference; fileEncoding = 4; lastKnownFileType = sourcecode.c.h; path = AIRGoogleMapCircle.h; sourceTree = "<group>"; };
		627D472C26EE2E060073E14E /* AIRGoogleMapWMSTileManager.h */ = {isa = PBXFileReference; fileEncoding = 4; lastKnownFileType = sourcecode.c.h; path = AIRGoogleMapWMSTileManager.h; sourceTree = "<group>"; };
		627D472D26EE2E060073E14E /* AIRGoogleMapUrlTileManager.h */ = {isa = PBXFileReference; fileEncoding = 4; lastKnownFileType = sourcecode.c.h; path = AIRGoogleMapUrlTileManager.h; sourceTree = "<group>"; };
		627D472E26EE2E060073E14E /* AIRGoogleMapCircleManager.h */ = {isa = PBXFileReference; fileEncoding = 4; lastKnownFileType = sourcecode.c.h; path = AIRGoogleMapCircleManager.h; sourceTree = "<group>"; };
		627D472F26EE2E060073E14E /* AIRGoogleMapPolygon.m */ = {isa = PBXFileReference; fileEncoding = 4; lastKnownFileType = sourcecode.c.objc; path = AIRGoogleMapPolygon.m; sourceTree = "<group>"; };
		627D473026EE2E060073E14E /* AIRGMSMarker.m */ = {isa = PBXFileReference; fileEncoding = 4; lastKnownFileType = sourcecode.c.objc; path = AIRGMSMarker.m; sourceTree = "<group>"; };
		627D473126EE2E060073E14E /* AIRGoogleMapCalloutSubview.m */ = {isa = PBXFileReference; fileEncoding = 4; lastKnownFileType = sourcecode.c.objc; path = AIRGoogleMapCalloutSubview.m; sourceTree = "<group>"; };
		627D474E26EE2E250073E14E /* AIRMapLocalTileManager.h */ = {isa = PBXFileReference; fileEncoding = 4; lastKnownFileType = sourcecode.c.h; path = AIRMapLocalTileManager.h; sourceTree = "<group>"; };
		627D474F26EE2E250073E14E /* AIRMapCallout.h */ = {isa = PBXFileReference; fileEncoding = 4; lastKnownFileType = sourcecode.c.h; path = AIRMapCallout.h; sourceTree = "<group>"; };
		627D475026EE2E250073E14E /* AIRWeakTimerReference.h */ = {isa = PBXFileReference; fileEncoding = 4; lastKnownFileType = sourcecode.c.h; path = AIRWeakTimerReference.h; sourceTree = "<group>"; };
		627D475126EE2E250073E14E /* AIRMapLocalTileOverlay.h */ = {isa = PBXFileReference; fileEncoding = 4; lastKnownFileType = sourcecode.c.h; path = AIRMapLocalTileOverlay.h; sourceTree = "<group>"; };
		627D475226EE2E250073E14E /* AIRMapCalloutManager.m */ = {isa = PBXFileReference; fileEncoding = 4; lastKnownFileType = sourcecode.c.objc; path = AIRMapCalloutManager.m; sourceTree = "<group>"; };
		627D475326EE2E250073E14E /* AIRMap.h */ = {isa = PBXFileReference; fileEncoding = 4; lastKnownFileType = sourcecode.c.h; path = AIRMap.h; sourceTree = "<group>"; };
		627D475426EE2E250073E14E /* AIRMapPolygon.h */ = {isa = PBXFileReference; fileEncoding = 4; lastKnownFileType = sourcecode.c.h; path = AIRMapPolygon.h; sourceTree = "<group>"; };
		627D475526EE2E250073E14E /* AIRMapPolygonManager.h */ = {isa = PBXFileReference; fileEncoding = 4; lastKnownFileType = sourcecode.c.h; path = AIRMapPolygonManager.h; sourceTree = "<group>"; };
		627D475626EE2E250073E14E /* AIRMapMarker.h */ = {isa = PBXFileReference; fileEncoding = 4; lastKnownFileType = sourcecode.c.h; path = AIRMapMarker.h; sourceTree = "<group>"; };
		627D475726EE2E250073E14E /* AIRMapCircleManager.h */ = {isa = PBXFileReference; fileEncoding = 4; lastKnownFileType = sourcecode.c.h; path = AIRMapCircleManager.h; sourceTree = "<group>"; };
		627D475826EE2E250073E14E /* AIRWeakMapReference.h */ = {isa = PBXFileReference; fileEncoding = 4; lastKnownFileType = sourcecode.c.h; path = AIRWeakMapReference.h; sourceTree = "<group>"; };
		627D475926EE2E250073E14E /* AIRMapPolyline.h */ = {isa = PBXFileReference; fileEncoding = 4; lastKnownFileType = sourcecode.c.h; path = AIRMapPolyline.h; sourceTree = "<group>"; };
		627D475A26EE2E250073E14E /* AIRMapLocalTile.m */ = {isa = PBXFileReference; fileEncoding = 4; lastKnownFileType = sourcecode.c.objc; path = AIRMapLocalTile.m; sourceTree = "<group>"; };
		627D475B26EE2E250073E14E /* AIRMapWMSTileManager.h */ = {isa = PBXFileReference; fileEncoding = 4; lastKnownFileType = sourcecode.c.h; path = AIRMapWMSTileManager.h; sourceTree = "<group>"; };
		627D475C26EE2E250073E14E /* AIRMapUrlTileManager.h */ = {isa = PBXFileReference; fileEncoding = 4; lastKnownFileType = sourcecode.c.h; path = AIRMapUrlTileManager.h; sourceTree = "<group>"; };
		627D475D26EE2E250073E14E /* AIRMapMarkerManager.m */ = {isa = PBXFileReference; fileEncoding = 4; lastKnownFileType = sourcecode.c.objc; path = AIRMapMarkerManager.m; sourceTree = "<group>"; };
		627D475E26EE2E250073E14E /* AIRMapCalloutSubviewManager.h */ = {isa = PBXFileReference; fileEncoding = 4; lastKnownFileType = sourcecode.c.h; path = AIRMapCalloutSubviewManager.h; sourceTree = "<group>"; };
		627D475F26EE2E250073E14E /* AIRMapUrlTile.m */ = {isa = PBXFileReference; fileEncoding = 4; lastKnownFileType = sourcecode.c.objc; path = AIRMapUrlTile.m; sourceTree = "<group>"; };
		627D476026EE2E250073E14E /* AIRMapPolylineRenderer.m */ = {isa = PBXFileReference; fileEncoding = 4; lastKnownFileType = sourcecode.c.objc; path = AIRMapPolylineRenderer.m; sourceTree = "<group>"; };
		627D476126EE2E250073E14E /* AIRMapOverlayManager.m */ = {isa = PBXFileReference; fileEncoding = 4; lastKnownFileType = sourcecode.c.objc; path = AIRMapOverlayManager.m; sourceTree = "<group>"; };
		627D476226EE2E250073E14E /* AIRMapWMSTile.h */ = {isa = PBXFileReference; fileEncoding = 4; lastKnownFileType = sourcecode.c.h; path = AIRMapWMSTile.h; sourceTree = "<group>"; };
		627D476326EE2E250073E14E /* AIRMapCircle.h */ = {isa = PBXFileReference; fileEncoding = 4; lastKnownFileType = sourcecode.c.h; path = AIRMapCircle.h; sourceTree = "<group>"; };
		627D476426EE2E250073E14E /* AIRMapCoordinate.m */ = {isa = PBXFileReference; fileEncoding = 4; lastKnownFileType = sourcecode.c.objc; path = AIRMapCoordinate.m; sourceTree = "<group>"; };
		627D476526EE2E250073E14E /* RCTConvert+AirMap.h */ = {isa = PBXFileReference; fileEncoding = 4; lastKnownFileType = sourcecode.c.h; path = "RCTConvert+AirMap.h"; sourceTree = "<group>"; };
		627D476626EE2E250073E14E /* AIRMapCalloutSubview.m */ = {isa = PBXFileReference; fileEncoding = 4; lastKnownFileType = sourcecode.c.objc; path = AIRMapCalloutSubview.m; sourceTree = "<group>"; };
		627D476726EE2E250073E14E /* AIRMapOverlay.h */ = {isa = PBXFileReference; fileEncoding = 4; lastKnownFileType = sourcecode.c.h; path = AIRMapOverlay.h; sourceTree = "<group>"; };
		627D476826EE2E250073E14E /* AIRMapOverlayRenderer.h */ = {isa = PBXFileReference; fileEncoding = 4; lastKnownFileType = sourcecode.c.h; path = AIRMapOverlayRenderer.h; sourceTree = "<group>"; };
		627D476926EE2E250073E14E /* AIRMapManager.h */ = {isa = PBXFileReference; fileEncoding = 4; lastKnownFileType = sourcecode.c.h; path = AIRMapManager.h; sourceTree = "<group>"; };
		627D476A26EE2E250073E14E /* AIRMapPolylineManager.m */ = {isa = PBXFileReference; fileEncoding = 4; lastKnownFileType = sourcecode.c.objc; path = AIRMapPolylineManager.m; sourceTree = "<group>"; };
		627D476B26EE2E250073E14E /* AIRMapCalloutManager.h */ = {isa = PBXFileReference; fileEncoding = 4; lastKnownFileType = sourcecode.c.h; path = AIRMapCalloutManager.h; sourceTree = "<group>"; };
		627D476D26EE2E250073E14E /* SMCalloutView.m */ = {isa = PBXFileReference; fileEncoding = 4; lastKnownFileType = sourcecode.c.objc; path = SMCalloutView.m; sourceTree = "<group>"; };
		627D476E26EE2E250073E14E /* SMCalloutView.h */ = {isa = PBXFileReference; fileEncoding = 4; lastKnownFileType = sourcecode.c.h; path = SMCalloutView.h; sourceTree = "<group>"; };
		627D476F26EE2E250073E14E /* AIRMapLocalTileOverlay.m */ = {isa = PBXFileReference; fileEncoding = 4; lastKnownFileType = sourcecode.c.objc; path = AIRMapLocalTileOverlay.m; sourceTree = "<group>"; };
		627D477026EE2E250073E14E /* AIRWeakTimerReference.m */ = {isa = PBXFileReference; fileEncoding = 4; lastKnownFileType = sourcecode.c.objc; path = AIRWeakTimerReference.m; sourceTree = "<group>"; };
		627D477126EE2E250073E14E /* AIRMapCallout.m */ = {isa = PBXFileReference; fileEncoding = 4; lastKnownFileType = sourcecode.c.objc; path = AIRMapCallout.m; sourceTree = "<group>"; };
		627D477226EE2E250073E14E /* AIRMapLocalTileManager.m */ = {isa = PBXFileReference; fileEncoding = 4; lastKnownFileType = sourcecode.c.objc; path = AIRMapLocalTileManager.m; sourceTree = "<group>"; };
		627D477326EE2E250073E14E /* AIRMapPolyline.m */ = {isa = PBXFileReference; fileEncoding = 4; lastKnownFileType = sourcecode.c.objc; path = AIRMapPolyline.m; sourceTree = "<group>"; };
		627D477426EE2E250073E14E /* AIRMapSnapshot.h */ = {isa = PBXFileReference; fileEncoding = 4; lastKnownFileType = sourcecode.c.h; path = AIRMapSnapshot.h; sourceTree = "<group>"; };
		627D477526EE2E250073E14E /* AIRWeakMapReference.m */ = {isa = PBXFileReference; fileEncoding = 4; lastKnownFileType = sourcecode.c.objc; path = AIRWeakMapReference.m; sourceTree = "<group>"; };
		627D477626EE2E250073E14E /* AIRMapCircleManager.m */ = {isa = PBXFileReference; fileEncoding = 4; lastKnownFileType = sourcecode.c.objc; path = AIRMapCircleManager.m; sourceTree = "<group>"; };
		627D477726EE2E250073E14E /* AIRMapMarker.m */ = {isa = PBXFileReference; fileEncoding = 4; lastKnownFileType = sourcecode.c.objc; path = AIRMapMarker.m; sourceTree = "<group>"; };
		627D477826EE2E250073E14E /* AIRMapPolygonManager.m */ = {isa = PBXFileReference; fileEncoding = 4; lastKnownFileType = sourcecode.c.objc; path = AIRMapPolygonManager.m; sourceTree = "<group>"; };
		627D477926EE2E250073E14E /* AIRMapPolygon.m */ = {isa = PBXFileReference; fileEncoding = 4; lastKnownFileType = sourcecode.c.objc; path = AIRMapPolygon.m; sourceTree = "<group>"; };
		627D477A26EE2E250073E14E /* AIRMap.m */ = {isa = PBXFileReference; fileEncoding = 4; lastKnownFileType = sourcecode.c.objc; path = AIRMap.m; sourceTree = "<group>"; };
		627D477B26EE2E250073E14E /* AIRMapCoordinate.h */ = {isa = PBXFileReference; fileEncoding = 4; lastKnownFileType = sourcecode.c.h; path = AIRMapCoordinate.h; sourceTree = "<group>"; };
		627D477C26EE2E250073E14E /* AIRMapCircle.m */ = {isa = PBXFileReference; fileEncoding = 4; lastKnownFileType = sourcecode.c.objc; path = AIRMapCircle.m; sourceTree = "<group>"; };
		627D477D26EE2E250073E14E /* AIRMapOverlayManager.h */ = {isa = PBXFileReference; fileEncoding = 4; lastKnownFileType = sourcecode.c.h; path = AIRMapOverlayManager.h; sourceTree = "<group>"; };
		627D477E26EE2E250073E14E /* AIRMapWMSTile.m */ = {isa = PBXFileReference; fileEncoding = 4; lastKnownFileType = sourcecode.c.objc; path = AIRMapWMSTile.m; sourceTree = "<group>"; };
		627D477F26EE2E250073E14E /* AIRMapPolylineRenderer.h */ = {isa = PBXFileReference; fileEncoding = 4; lastKnownFileType = sourcecode.c.h; path = AIRMapPolylineRenderer.h; sourceTree = "<group>"; };
		627D478026EE2E250073E14E /* AIRMapUrlTile.h */ = {isa = PBXFileReference; fileEncoding = 4; lastKnownFileType = sourcecode.c.h; path = AIRMapUrlTile.h; sourceTree = "<group>"; };
		627D478126EE2E250073E14E /* AIRMapCalloutSubviewManager.m */ = {isa = PBXFileReference; fileEncoding = 4; lastKnownFileType = sourcecode.c.objc; path = AIRMapCalloutSubviewManager.m; sourceTree = "<group>"; };
		627D478226EE2E250073E14E /* AIRMapUrlTileManager.m */ = {isa = PBXFileReference; fileEncoding = 4; lastKnownFileType = sourcecode.c.objc; path = AIRMapUrlTileManager.m; sourceTree = "<group>"; };
		627D478326EE2E250073E14E /* AIRMapMarkerManager.h */ = {isa = PBXFileReference; fileEncoding = 4; lastKnownFileType = sourcecode.c.h; path = AIRMapMarkerManager.h; sourceTree = "<group>"; };
		627D478426EE2E250073E14E /* AIRMapWMSTileManager.m */ = {isa = PBXFileReference; fileEncoding = 4; lastKnownFileType = sourcecode.c.objc; path = AIRMapWMSTileManager.m; sourceTree = "<group>"; };
		627D478526EE2E250073E14E /* AIRMapLocalTile.h */ = {isa = PBXFileReference; fileEncoding = 4; lastKnownFileType = sourcecode.c.h; path = AIRMapLocalTile.h; sourceTree = "<group>"; };
		627D478626EE2E250073E14E /* AIRMapPolylineManager.h */ = {isa = PBXFileReference; fileEncoding = 4; lastKnownFileType = sourcecode.c.h; path = AIRMapPolylineManager.h; sourceTree = "<group>"; };
		627D478726EE2E250073E14E /* AIRMapManager.m */ = {isa = PBXFileReference; fileEncoding = 4; lastKnownFileType = sourcecode.c.objc; path = AIRMapManager.m; sourceTree = "<group>"; };
		627D478826EE2E250073E14E /* AIRMapOverlay.m */ = {isa = PBXFileReference; fileEncoding = 4; lastKnownFileType = sourcecode.c.objc; path = AIRMapOverlay.m; sourceTree = "<group>"; };
		627D478926EE2E250073E14E /* AIRMapOverlayRenderer.m */ = {isa = PBXFileReference; fileEncoding = 4; lastKnownFileType = sourcecode.c.objc; path = AIRMapOverlayRenderer.m; sourceTree = "<group>"; };
		627D478A26EE2E250073E14E /* AIRMapCalloutSubview.h */ = {isa = PBXFileReference; fileEncoding = 4; lastKnownFileType = sourcecode.c.h; path = AIRMapCalloutSubview.h; sourceTree = "<group>"; };
		627D478B26EE2E250073E14E /* RCTConvert+AirMap.m */ = {isa = PBXFileReference; fileEncoding = 4; lastKnownFileType = sourcecode.c.objc; path = "RCTConvert+AirMap.m"; sourceTree = "<group>"; };
		871719007ECC5EAD276C345C /* Pods-BringgDriverSdkIosExample.debug.xcconfig */ = {isa = PBXFileReference; includeInIndex = 1; lastKnownFileType = text.xcconfig; name = "Pods-BringgDriverSdkIosExample.debug.xcconfig"; path = "Target Support Files/Pods-BringgDriverSdkIosExample/Pods-BringgDriverSdkIosExample.debug.xcconfig"; sourceTree = "<group>"; };
		ED297162215061F000B7C4FE /* JavaScriptCore.framework */ = {isa = PBXFileReference; lastKnownFileType = wrapper.framework; name = JavaScriptCore.framework; path = System/Library/Frameworks/JavaScriptCore.framework; sourceTree = SDKROOT; };
/* End PBXFileReference section */

/* Begin PBXFrameworksBuildPhase section */
		13B07F8C1A680F5B00A75B9A /* Frameworks */ = {
			isa = PBXFrameworksBuildPhase;
			buildActionMask = 2147483647;
			files = (
				2E0A3259A3287A53A0E76036 /* libPods-BringgDriverSdkIosExample.a in Frameworks */,
			);
			runOnlyForDeploymentPostprocessing = 0;
		};
/* End PBXFrameworksBuildPhase section */

/* Begin PBXGroup section */
		13B07FAE1A68108700A75B9A /* BringgDriverSdkIosExample */ = {
			isa = PBXGroup;
			children = (
				627D474D26EE2E250073E14E /* AirMaps */,
				627D46FB26EE2E060073E14E /* AirGoogleMaps */,
				008F07F21AC5B25A0029DE68 /* main.jsbundle */,
				13B07FAF1A68108700A75B9A /* AppDelegate.h */,
				13B07FB01A68108700A75B9A /* AppDelegate.m */,
				13B07FB51A68108700A75B9A /* Images.xcassets */,
				13B07FB61A68108700A75B9A /* Info.plist */,
				13B07FB11A68108700A75B9A /* LaunchScreen.xib */,
				13B07FB71A68108700A75B9A /* main.m */,
			);
			name = BringgDriverSdkIosExample;
			sourceTree = "<group>";
		};
		1CFFDEF7170271C97B8B7E5A /* Pods */ = {
			isa = PBXGroup;
			children = (
				871719007ECC5EAD276C345C /* Pods-BringgDriverSdkIosExample.debug.xcconfig */,
				4D7192F03A36A017E887435B /* Pods-BringgDriverSdkIosExample.release.xcconfig */,
			);
			path = Pods;
			sourceTree = "<group>";
		};
		2D16E6871FA4F8E400B85C8A /* Frameworks */ = {
			isa = PBXGroup;
			children = (
				ED297162215061F000B7C4FE /* JavaScriptCore.framework */,
				2DB5A2E9C618119445513F67 /* libPods-BringgDriverSdkIosExample.a */,
			);
			name = Frameworks;
			sourceTree = "<group>";
		};
		627D46FB26EE2E060073E14E /* AirGoogleMaps */ = {
			isa = PBXGroup;
			children = (
				627D46FC26EE2E060073E14E /* AIRDummyView.m */,
				627D46FD26EE2E060073E14E /* AIRGoogleMapWMSTile.h */,
				627D46FE26EE2E060073E14E /* AIRGoogleMapPolyline.h */,
				627D46FF26EE2E060073E14E /* AIRGoogleMapHeatmapManager.h */,
				627D470026EE2E060073E14E /* AIRGoogleMapUrlTile.m */,
				627D470126EE2E060073E14E /* AIRGoogleMapMarkerManager.h */,
				627D470226EE2E060073E14E /* AIRGoogleMapCalloutManager.h */,
				627D470326EE2E060073E14E /* AIRGoogleMapPolygonManager.m */,
				627D470426EE2E060073E14E /* RCTConvert+GMSMapViewType.h */,
				627D470526EE2E060073E14E /* AIRGoogleMapManager.h */,
				627D470626EE2E060073E14E /* AIRGoogleMapMarker.m */,
				627D470726EE2E060073E14E /* AIRGMSPolyline.h */,
				627D470826EE2E060073E14E /* AIRGoogleMapPolylineManager.h */,
				627D470926EE2E060073E14E /* AIRGoogleMapOverlay.h */,
				627D470A26EE2E060073E14E /* AIRGMSPolygon.m */,
				627D470B26EE2E060073E14E /* AIRGoogleMapURLTileManager.m */,
				627D470C26EE2E060073E14E /* AIRGoogleMapWMSTileManager.m */,
				627D470D26EE2E060073E14E /* AIRGoogleMapCircle.m */,
				627D470E26EE2E060073E14E /* AIRGoogleMap.h */,
				627D470F26EE2E060073E14E /* AIRGoogleMapHeatmap.h */,
				627D471026EE2E060073E14E /* AIRGoogleMapOverlayManager.h */,
				627D471126EE2E060073E14E /* AIRGoogleMapCallout.h */,
				627D471226EE2E060073E14E /* AIRGoogleMapCalloutSubviewManager.h */,
				627D471326EE2E060073E14E /* AIRGoogleMapCalloutSubview.h */,
				627D471426EE2E060073E14E /* AIRGMSMarker.h */,
				627D471526EE2E060073E14E /* AIRGoogleMapCircleManager.m */,
				627D471626EE2E060073E14E /* AIRGoogleMapPolygon.h */,
				627D471726EE2E060073E14E /* AIRGoogleMapCalloutManager.m */,
				627D471826EE2E060073E14E /* AIRGoogleMapMarkerManager.m */,
				627D471926EE2E060073E14E /* AIRGoogleMapUrlTile.h */,
				627D471A26EE2E060073E14E /* AIRGoogleMapPolyline.m */,
				627D471B26EE2E060073E14E /* AIRGoogleMapHeatmapManager.m */,
				627D471C26EE2E060073E14E /* AIRGoogleMapWMSTile.m */,
				627D471D26EE2E060073E14E /* AIRDummyView.h */,
				627D471E26EE2E060073E14E /* AIRGMSPolygon.h */,
				627D471F26EE2E060073E14E /* AIRGoogleMapOverlay.m */,
				627D472026EE2E060073E14E /* AIRGMSPolyline.m */,
				627D472126EE2E060073E14E /* AIRGoogleMapPolylineManager.m */,
				627D472226EE2E060073E14E /* AIRGoogleMapManager.m */,
				627D472326EE2E060073E14E /* AIRGoogleMapMarker.h */,
				627D472426EE2E060073E14E /* AIRGoogleMapPolygonManager.h */,
				627D472526EE2E060073E14E /* RCTConvert+GMSMapViewType.m */,
				627D472626EE2E060073E14E /* AIRGoogleMapCalloutSubviewManager.m */,
				627D472726EE2E060073E14E /* AIRGoogleMapCallout.m */,
				627D472826EE2E060073E14E /* AIRGoogleMapOverlayManager.m */,
				627D472926EE2E060073E14E /* AIRGoogleMapHeatmap.m */,
				627D472A26EE2E060073E14E /* AIRGoogleMap.m */,
				627D472B26EE2E060073E14E /* AIRGoogleMapCircle.h */,
				627D472C26EE2E060073E14E /* AIRGoogleMapWMSTileManager.h */,
				627D472D26EE2E060073E14E /* AIRGoogleMapUrlTileManager.h */,
				627D472E26EE2E060073E14E /* AIRGoogleMapCircleManager.h */,
				627D472F26EE2E060073E14E /* AIRGoogleMapPolygon.m */,
				627D473026EE2E060073E14E /* AIRGMSMarker.m */,
				627D473126EE2E060073E14E /* AIRGoogleMapCalloutSubview.m */,
			);
			name = AirGoogleMaps;
			path = "../node_modules/react-native-maps/AirGoogleMaps";
			sourceTree = "<group>";
		};
		627D474D26EE2E250073E14E /* AirMaps */ = {
			isa = PBXGroup;
			children = (
				627D474E26EE2E250073E14E /* AIRMapLocalTileManager.h */,
				627D474F26EE2E250073E14E /* AIRMapCallout.h */,
				627D475026EE2E250073E14E /* AIRWeakTimerReference.h */,
				627D475126EE2E250073E14E /* AIRMapLocalTileOverlay.h */,
				627D475226EE2E250073E14E /* AIRMapCalloutManager.m */,
				627D475326EE2E250073E14E /* AIRMap.h */,
				627D475426EE2E250073E14E /* AIRMapPolygon.h */,
				627D475526EE2E250073E14E /* AIRMapPolygonManager.h */,
				627D475626EE2E250073E14E /* AIRMapMarker.h */,
				627D475726EE2E250073E14E /* AIRMapCircleManager.h */,
				627D475826EE2E250073E14E /* AIRWeakMapReference.h */,
				627D475926EE2E250073E14E /* AIRMapPolyline.h */,
				627D475A26EE2E250073E14E /* AIRMapLocalTile.m */,
				627D475B26EE2E250073E14E /* AIRMapWMSTileManager.h */,
				627D475C26EE2E250073E14E /* AIRMapUrlTileManager.h */,
				627D475D26EE2E250073E14E /* AIRMapMarkerManager.m */,
				627D475E26EE2E250073E14E /* AIRMapCalloutSubviewManager.h */,
				627D475F26EE2E250073E14E /* AIRMapUrlTile.m */,
				627D476026EE2E250073E14E /* AIRMapPolylineRenderer.m */,
				627D476126EE2E250073E14E /* AIRMapOverlayManager.m */,
				627D476226EE2E250073E14E /* AIRMapWMSTile.h */,
				627D476326EE2E250073E14E /* AIRMapCircle.h */,
				627D476426EE2E250073E14E /* AIRMapCoordinate.m */,
				627D476526EE2E250073E14E /* RCTConvert+AirMap.h */,
				627D476626EE2E250073E14E /* AIRMapCalloutSubview.m */,
				627D476726EE2E250073E14E /* AIRMapOverlay.h */,
				627D476826EE2E250073E14E /* AIRMapOverlayRenderer.h */,
				627D476926EE2E250073E14E /* AIRMapManager.h */,
				627D476A26EE2E250073E14E /* AIRMapPolylineManager.m */,
				627D476B26EE2E250073E14E /* AIRMapCalloutManager.h */,
				627D476C26EE2E250073E14E /* Callout */,
				627D476F26EE2E250073E14E /* AIRMapLocalTileOverlay.m */,
				627D477026EE2E250073E14E /* AIRWeakTimerReference.m */,
				627D477126EE2E250073E14E /* AIRMapCallout.m */,
				627D477226EE2E250073E14E /* AIRMapLocalTileManager.m */,
				627D477326EE2E250073E14E /* AIRMapPolyline.m */,
				627D477426EE2E250073E14E /* AIRMapSnapshot.h */,
				627D477526EE2E250073E14E /* AIRWeakMapReference.m */,
				627D477626EE2E250073E14E /* AIRMapCircleManager.m */,
				627D477726EE2E250073E14E /* AIRMapMarker.m */,
				627D477826EE2E250073E14E /* AIRMapPolygonManager.m */,
				627D477926EE2E250073E14E /* AIRMapPolygon.m */,
				627D477A26EE2E250073E14E /* AIRMap.m */,
				627D477B26EE2E250073E14E /* AIRMapCoordinate.h */,
				627D477C26EE2E250073E14E /* AIRMapCircle.m */,
				627D477D26EE2E250073E14E /* AIRMapOverlayManager.h */,
				627D477E26EE2E250073E14E /* AIRMapWMSTile.m */,
				627D477F26EE2E250073E14E /* AIRMapPolylineRenderer.h */,
				627D478026EE2E250073E14E /* AIRMapUrlTile.h */,
				627D478126EE2E250073E14E /* AIRMapCalloutSubviewManager.m */,
				627D478226EE2E250073E14E /* AIRMapUrlTileManager.m */,
				627D478326EE2E250073E14E /* AIRMapMarkerManager.h */,
				627D478426EE2E250073E14E /* AIRMapWMSTileManager.m */,
				627D478526EE2E250073E14E /* AIRMapLocalTile.h */,
				627D478626EE2E250073E14E /* AIRMapPolylineManager.h */,
				627D478726EE2E250073E14E /* AIRMapManager.m */,
				627D478826EE2E250073E14E /* AIRMapOverlay.m */,
				627D478926EE2E250073E14E /* AIRMapOverlayRenderer.m */,
				627D478A26EE2E250073E14E /* AIRMapCalloutSubview.h */,
				627D478B26EE2E250073E14E /* RCTConvert+AirMap.m */,
			);
			name = AirMaps;
			path = "../node_modules/react-native-maps/AirMaps";
			sourceTree = "<group>";
		};
		627D476C26EE2E250073E14E /* Callout */ = {
			isa = PBXGroup;
			children = (
				627D476D26EE2E250073E14E /* SMCalloutView.m */,
				627D476E26EE2E250073E14E /* SMCalloutView.h */,
			);
			path = Callout;
			sourceTree = "<group>";
		};
		832341AE1AAA6A7D00B99B32 /* Libraries */ = {
			isa = PBXGroup;
			children = (
			);
			name = Libraries;
			sourceTree = "<group>";
		};
		83CBB9F61A601CBA00E9B192 = {
			isa = PBXGroup;
			children = (
				46CE74AB247A94F300C08A0B /* File.swift */,
				20F357AE24636CDF00C146DC /* BringgDriverSdkIosExample-Bridging-Header.h */,
				13B07FAE1A68108700A75B9A /* BringgDriverSdkIosExample */,
				832341AE1AAA6A7D00B99B32 /* Libraries */,
				83CBBA001A601CBA00E9B192 /* Products */,
				2D16E6871FA4F8E400B85C8A /* Frameworks */,
				1CFFDEF7170271C97B8B7E5A /* Pods */,
				20F357AD24636CDE00C146DC /* BringgDriverSdkIosExample-Bridging-Header.h */,
			);
			indentWidth = 2;
			sourceTree = "<group>";
			tabWidth = 2;
			usesTabs = 0;
		};
		83CBBA001A601CBA00E9B192 /* Products */ = {
			isa = PBXGroup;
			children = (
				13B07F961A680F5B00A75B9A /* BringgDriverSdkIosExample.app */,
			);
			name = Products;
			sourceTree = "<group>";
		};
/* End PBXGroup section */

/* Begin PBXNativeTarget section */
		13B07F861A680F5B00A75B9A /* BringgDriverSdkIosExample */ = {
			isa = PBXNativeTarget;
			buildConfigurationList = 13B07F931A680F5B00A75B9A /* Build configuration list for PBXNativeTarget "BringgDriverSdkIosExample" */;
			buildPhases = (
				CCCC07BCAFDEF1FCADC0D0C9 /* [CP] Check Pods Manifest.lock */,
				FD10A7F022414F080027D42C /* Start Packager */,
				13B07F871A680F5B00A75B9A /* Sources */,
				13B07F8C1A680F5B00A75B9A /* Frameworks */,
				13B07F8E1A680F5B00A75B9A /* Resources */,
				00DD1BFF1BD5951E006B06BC /* Bundle React Native code and images */,
				0726F27475EC590E1185F48F /* [CP] Embed Pods Frameworks */,
				218F2DBD103B26E93FDCDD4C /* [CP] Copy Pods Resources */,
			);
			buildRules = (
			);
			dependencies = (
			);
			name = BringgDriverSdkIosExample;
			productName = BringgDriverSdkIosExample;
			productReference = 13B07F961A680F5B00A75B9A /* BringgDriverSdkIosExample.app */;
			productType = "com.apple.product-type.application";
		};
/* End PBXNativeTarget section */

/* Begin PBXProject section */
		83CBB9F71A601CBA00E9B192 /* Project object */ = {
			isa = PBXProject;
			attributes = {
				LastUpgradeCheck = 0940;
				ORGANIZATIONNAME = Facebook;
				TargetAttributes = {
					13B07F861A680F5B00A75B9A = {
						DevelopmentTeam = CKS8FLBEB2;
						LastSwiftMigration = 1110;
					};
				};
			};
			buildConfigurationList = 83CBB9FA1A601CBA00E9B192 /* Build configuration list for PBXProject "BringgDriverSdkIosExample" */;
			compatibilityVersion = "Xcode 3.2";
			developmentRegion = English;
			hasScannedForEncodings = 0;
			knownRegions = (
				English,
				en,
				Base,
			);
			mainGroup = 83CBB9F61A601CBA00E9B192;
			productRefGroup = 83CBBA001A601CBA00E9B192 /* Products */;
			projectDirPath = "";
			projectRoot = "";
			targets = (
				13B07F861A680F5B00A75B9A /* BringgDriverSdkIosExample */,
			);
		};
/* End PBXProject section */

/* Begin PBXResourcesBuildPhase section */
		13B07F8E1A680F5B00A75B9A /* Resources */ = {
			isa = PBXResourcesBuildPhase;
			buildActionMask = 2147483647;
			files = (
				13B07FBF1A68108700A75B9A /* Images.xcassets in Resources */,
				13B07FBD1A68108700A75B9A /* LaunchScreen.xib in Resources */,
			);
			runOnlyForDeploymentPostprocessing = 0;
		};
/* End PBXResourcesBuildPhase section */

/* Begin PBXShellScriptBuildPhase section */
		00DD1BFF1BD5951E006B06BC /* Bundle React Native code and images */ = {
			isa = PBXShellScriptBuildPhase;
			buildActionMask = 2147483647;
			files = (
			);
			inputPaths = (
			);
			name = "Bundle React Native code and images";
			outputPaths = (
			);
			runOnlyForDeploymentPostprocessing = 0;
			shellPath = /bin/sh;
			shellScript = "export NODE_BINARY=node\n../node_modules/react-native/scripts/react-native-xcode.sh";
		};
		0726F27475EC590E1185F48F /* [CP] Embed Pods Frameworks */ = {
			isa = PBXShellScriptBuildPhase;
			buildActionMask = 2147483647;
			files = (
			);
			inputPaths = (
				"${PODS_ROOT}/Target Support Files/Pods-BringgDriverSdkIosExample/Pods-BringgDriverSdkIosExample-frameworks.sh",
				"${BUILT_PRODUCTS_DIR}/Alamofire/Alamofire.framework",
				"${BUILT_PRODUCTS_DIR}/DeviceKit/DeviceKit.framework",
				"${BUILT_PRODUCTS_DIR}/DoubleConversion/DoubleConversion.framework",
				"${BUILT_PRODUCTS_DIR}/GzipSwift/Gzip.framework",
				"${BUILT_PRODUCTS_DIR}/KeychainAccess/KeychainAccess.framework",
				"${BUILT_PRODUCTS_DIR}/Kingfisher/Kingfisher.framework",
				"${BUILT_PRODUCTS_DIR}/ObjcExceptionBridging/ObjcExceptionBridging.framework",
				"${BUILT_PRODUCTS_DIR}/Realm/Realm.framework",
				"${BUILT_PRODUCTS_DIR}/RealmSwift/RealmSwift.framework",
				"${BUILT_PRODUCTS_DIR}/Socket.IO-Client-Swift/SocketIO.framework",
				"${BUILT_PRODUCTS_DIR}/Starscream/Starscream.framework",
				"${BUILT_PRODUCTS_DIR}/XCGLogger/XCGLogger.framework",
				"${BUILT_PRODUCTS_DIR}/glog/glog.framework",
				"${BUILT_PRODUCTS_DIR}/libPhoneNumber-iOS/libPhoneNumber_iOS.framework",
				"${PODS_XCFRAMEWORKS_BUILD_DIR}/BringgDriverSDKObjc/BringgDriverSDKObjc.framework/BringgDriverSDKObjc",
				"${PODS_XCFRAMEWORKS_BUILD_DIR}/OpenSSL/OpenSSL.framework/OpenSSL",
			);
			name = "[CP] Embed Pods Frameworks";
			outputPaths = (
				"${TARGET_BUILD_DIR}/${FRAMEWORKS_FOLDER_PATH}/Alamofire.framework",
				"${TARGET_BUILD_DIR}/${FRAMEWORKS_FOLDER_PATH}/DeviceKit.framework",
				"${TARGET_BUILD_DIR}/${FRAMEWORKS_FOLDER_PATH}/DoubleConversion.framework",
				"${TARGET_BUILD_DIR}/${FRAMEWORKS_FOLDER_PATH}/Gzip.framework",
				"${TARGET_BUILD_DIR}/${FRAMEWORKS_FOLDER_PATH}/KeychainAccess.framework",
				"${TARGET_BUILD_DIR}/${FRAMEWORKS_FOLDER_PATH}/Kingfisher.framework",
				"${TARGET_BUILD_DIR}/${FRAMEWORKS_FOLDER_PATH}/ObjcExceptionBridging.framework",
				"${TARGET_BUILD_DIR}/${FRAMEWORKS_FOLDER_PATH}/Realm.framework",
				"${TARGET_BUILD_DIR}/${FRAMEWORKS_FOLDER_PATH}/RealmSwift.framework",
				"${TARGET_BUILD_DIR}/${FRAMEWORKS_FOLDER_PATH}/SocketIO.framework",
				"${TARGET_BUILD_DIR}/${FRAMEWORKS_FOLDER_PATH}/Starscream.framework",
				"${TARGET_BUILD_DIR}/${FRAMEWORKS_FOLDER_PATH}/XCGLogger.framework",
				"${TARGET_BUILD_DIR}/${FRAMEWORKS_FOLDER_PATH}/glog.framework",
				"${TARGET_BUILD_DIR}/${FRAMEWORKS_FOLDER_PATH}/libPhoneNumber_iOS.framework",
				"${TARGET_BUILD_DIR}/${FRAMEWORKS_FOLDER_PATH}/BringgDriverSDKObjc.framework",
				"${TARGET_BUILD_DIR}/${FRAMEWORKS_FOLDER_PATH}/OpenSSL.framework",
			);
			runOnlyForDeploymentPostprocessing = 0;
			shellPath = /bin/sh;
			shellScript = "\"${PODS_ROOT}/Target Support Files/Pods-BringgDriverSdkIosExample/Pods-BringgDriverSdkIosExample-frameworks.sh\"\n";
			showEnvVarsInLog = 0;
		};
		218F2DBD103B26E93FDCDD4C /* [CP] Copy Pods Resources */ = {
			isa = PBXShellScriptBuildPhase;
			buildActionMask = 2147483647;
			files = (
			);
			inputPaths = (
				"${PODS_ROOT}/Target Support Files/Pods-BringgDriverSdkIosExample/Pods-BringgDriverSdkIosExample-resources.sh",
				"${PODS_ROOT}/GoogleMaps/Maps/Frameworks/GoogleMaps.framework/Resources/GoogleMaps.bundle",
				"${PODS_CONFIGURATION_BUILD_DIR}/React-Core/AccessibilityResources.bundle",
			);
			name = "[CP] Copy Pods Resources";
			outputPaths = (
				"${TARGET_BUILD_DIR}/${UNLOCALIZED_RESOURCES_FOLDER_PATH}/GoogleMaps.bundle",
				"${TARGET_BUILD_DIR}/${UNLOCALIZED_RESOURCES_FOLDER_PATH}/AccessibilityResources.bundle",
			);
			runOnlyForDeploymentPostprocessing = 0;
			shellPath = /bin/sh;
			shellScript = "\"${PODS_ROOT}/Target Support Files/Pods-BringgDriverSdkIosExample/Pods-BringgDriverSdkIosExample-resources.sh\"\n";
			showEnvVarsInLog = 0;
		};
		CCCC07BCAFDEF1FCADC0D0C9 /* [CP] Check Pods Manifest.lock */ = {
			isa = PBXShellScriptBuildPhase;
			buildActionMask = 2147483647;
			files = (
			);
			inputFileListPaths = (
			);
			inputPaths = (
				"${PODS_PODFILE_DIR_PATH}/Podfile.lock",
				"${PODS_ROOT}/Manifest.lock",
			);
			name = "[CP] Check Pods Manifest.lock";
			outputFileListPaths = (
			);
			outputPaths = (
				"$(DERIVED_FILE_DIR)/Pods-BringgDriverSdkIosExample-checkManifestLockResult.txt",
			);
			runOnlyForDeploymentPostprocessing = 0;
			shellPath = /bin/sh;
			shellScript = "diff \"${PODS_PODFILE_DIR_PATH}/Podfile.lock\" \"${PODS_ROOT}/Manifest.lock\" > /dev/null\nif [ $? != 0 ] ; then\n    # print error to STDERR\n    echo \"error: The sandbox is not in sync with the Podfile.lock. Run 'pod install' or update your CocoaPods installation.\" >&2\n    exit 1\nfi\n# This output is used by Xcode 'outputs' to avoid re-running this script phase.\necho \"SUCCESS\" > \"${SCRIPT_OUTPUT_FILE_0}\"\n";
			showEnvVarsInLog = 0;
		};
		FD10A7F022414F080027D42C /* Start Packager */ = {
			isa = PBXShellScriptBuildPhase;
			buildActionMask = 2147483647;
			files = (
			);
			inputFileListPaths = (
			);
			inputPaths = (
			);
			name = "Start Packager";
			outputFileListPaths = (
			);
			outputPaths = (
			);
			runOnlyForDeploymentPostprocessing = 0;
			shellPath = /bin/sh;
			shellScript = "export RCT_METRO_PORT=\"${RCT_METRO_PORT:=8081}\"\necho \"export RCT_METRO_PORT=${RCT_METRO_PORT}\" > \"${SRCROOT}/../node_modules/react-native/scripts/.packager.env\"\nif [ -z \"${RCT_NO_LAUNCH_PACKAGER+xxx}\" ] ; then\n  if nc -w 5 -z localhost ${RCT_METRO_PORT} ; then\n    if ! curl -s \"http://localhost:${RCT_METRO_PORT}/status\" | grep -q \"packager-status:running\" ; then\n      echo \"Port ${RCT_METRO_PORT} already in use, packager is either not running or not running correctly\"\n      exit 2\n    fi\n  else\n    open \"$SRCROOT/../node_modules/react-native/scripts/launchPackager.command\" || echo \"Can't start packager automatically\"\n  fi\nfi\n";
			showEnvVarsInLog = 0;
		};
/* End PBXShellScriptBuildPhase section */

/* Begin PBXSourcesBuildPhase section */
		13B07F871A680F5B00A75B9A /* Sources */ = {
			isa = PBXSourcesBuildPhase;
			buildActionMask = 2147483647;
			files = (
				627D479626EE2E250073E14E /* AIRMapLocalTileOverlay.m in Sources */,
				627D473226EE2E060073E14E /* AIRDummyView.m in Sources */,
				627D473326EE2E060073E14E /* AIRGoogleMapUrlTile.m in Sources */,
				627D473B26EE2E060073E14E /* AIRGoogleMapCalloutManager.m in Sources */,
				627D474626EE2E060073E14E /* AIRGoogleMapCallout.m in Sources */,
				627D47A426EE2E250073E14E /* AIRMapUrlTileManager.m in Sources */,
				627D479D26EE2E250073E14E /* AIRMapMarker.m in Sources */,
				627D479226EE2E250073E14E /* AIRMapCoordinate.m in Sources */,
				627D479E26EE2E250073E14E /* AIRMapPolygonManager.m in Sources */,
				627D474B26EE2E060073E14E /* AIRGMSMarker.m in Sources */,
				627D474026EE2E060073E14E /* AIRGoogleMapOverlay.m in Sources */,
				627D473D26EE2E060073E14E /* AIRGoogleMapPolyline.m in Sources */,
				627D479026EE2E250073E14E /* AIRMapPolylineRenderer.m in Sources */,
				627D473926EE2E060073E14E /* AIRGoogleMapCircle.m in Sources */,
				13B07FBC1A68108700A75B9A /* AppDelegate.m in Sources */,
				627D473526EE2E060073E14E /* AIRGoogleMapMarker.m in Sources */,
				627D478C26EE2E250073E14E /* AIRMapCalloutManager.m in Sources */,
				627D473726EE2E060073E14E /* AIRGoogleMapURLTileManager.m in Sources */,
				627D479326EE2E250073E14E /* AIRMapCalloutSubview.m in Sources */,
				627D474726EE2E060073E14E /* AIRGoogleMapOverlayManager.m in Sources */,
				627D479B26EE2E250073E14E /* AIRWeakMapReference.m in Sources */,
				627D479F26EE2E250073E14E /* AIRMapPolygon.m in Sources */,
				627D473426EE2E060073E14E /* AIRGoogleMapPolygonManager.m in Sources */,
				627D479726EE2E250073E14E /* AIRWeakTimerReference.m in Sources */,
				627D474926EE2E060073E14E /* AIRGoogleMap.m in Sources */,
				627D473E26EE2E060073E14E /* AIRGoogleMapHeatmapManager.m in Sources */,
				627D479926EE2E250073E14E /* AIRMapLocalTileManager.m in Sources */,
				627D474826EE2E060073E14E /* AIRGoogleMapHeatmap.m in Sources */,
				627D474126EE2E060073E14E /* AIRGMSPolyline.m in Sources */,
				627D474C26EE2E060073E14E /* AIRGoogleMapCalloutSubview.m in Sources */,
				627D473C26EE2E060073E14E /* AIRGoogleMapMarkerManager.m in Sources */,
				627D473626EE2E060073E14E /* AIRGMSPolygon.m in Sources */,
				627D478E26EE2E250073E14E /* AIRMapMarkerManager.m in Sources */,
				627D47A326EE2E250073E14E /* AIRMapCalloutSubviewManager.m in Sources */,
				627D47A226EE2E250073E14E /* AIRMapWMSTile.m in Sources */,
				627D479C26EE2E250073E14E /* AIRMapCircleManager.m in Sources */,
				627D479526EE2E250073E14E /* SMCalloutView.m in Sources */,
				627D47A926EE2E250073E14E /* RCTConvert+AirMap.m in Sources */,
				627D474226EE2E060073E14E /* AIRGoogleMapPolylineManager.m in Sources */,
				627D47A726EE2E250073E14E /* AIRMapOverlay.m in Sources */,
				627D47A826EE2E250073E14E /* AIRMapOverlayRenderer.m in Sources */,
				627D47A626EE2E250073E14E /* AIRMapManager.m in Sources */,
				627D478F26EE2E250073E14E /* AIRMapUrlTile.m in Sources */,
				627D474A26EE2E060073E14E /* AIRGoogleMapPolygon.m in Sources */,
				627D47A126EE2E250073E14E /* AIRMapCircle.m in Sources */,
				627D479A26EE2E250073E14E /* AIRMapPolyline.m in Sources */,
				627D473F26EE2E060073E14E /* AIRGoogleMapWMSTile.m in Sources */,
				46CE74AC247A94F300C08A0B /* File.swift in Sources */,
				627D479426EE2E250073E14E /* AIRMapPolylineManager.m in Sources */,
				627D479126EE2E250073E14E /* AIRMapOverlayManager.m in Sources */,
				627D474326EE2E060073E14E /* AIRGoogleMapManager.m in Sources */,
				627D474526EE2E060073E14E /* AIRGoogleMapCalloutSubviewManager.m in Sources */,
				627D47A026EE2E250073E14E /* AIRMap.m in Sources */,
				627D473826EE2E060073E14E /* AIRGoogleMapWMSTileManager.m in Sources */,
				627D474426EE2E060073E14E /* RCTConvert+GMSMapViewType.m in Sources */,
				627D47A526EE2E250073E14E /* AIRMapWMSTileManager.m in Sources */,
				627D473A26EE2E060073E14E /* AIRGoogleMapCircleManager.m in Sources */,
				13B07FC11A68108700A75B9A /* main.m in Sources */,
				627D479826EE2E250073E14E /* AIRMapCallout.m in Sources */,
				627D478D26EE2E250073E14E /* AIRMapLocalTile.m in Sources */,
			);
			runOnlyForDeploymentPostprocessing = 0;
		};
/* End PBXSourcesBuildPhase section */

/* Begin PBXVariantGroup section */
		13B07FB11A68108700A75B9A /* LaunchScreen.xib */ = {
			isa = PBXVariantGroup;
			children = (
				13B07FB21A68108700A75B9A /* Base */,
			);
			name = LaunchScreen.xib;
			path = BringgDriverSdkIosExample;
			sourceTree = "<group>";
		};
/* End PBXVariantGroup section */

/* Begin XCBuildConfiguration section */
		13B07F941A680F5B00A75B9A /* Debug */ = {
			isa = XCBuildConfiguration;
			baseConfigurationReference = 871719007ECC5EAD276C345C /* Pods-BringgDriverSdkIosExample.debug.xcconfig */;
			buildSettings = {
				ASSETCATALOG_COMPILER_APPICON_NAME = AppIcon;
				BUILD_LIBRARY_FOR_DISTRIBUTION = NO;
				CLANG_ENABLE_MODULES = YES;
				CURRENT_PROJECT_VERSION = 1;
				DEAD_CODE_STRIPPING = NO;
				DEVELOPMENT_TEAM = CKS8FLBEB2;
				GCC_PREPROCESSOR_DEFINITIONS = (
					"$(inherited)",
					"COCOAPODS=1",
					"FB_SONARKIT_ENABLED=1",
					"HAVE_GOOGLE_MAPS=1",
				);
				INFOPLIST_FILE = BringgDriverSdkIosExample/Info.plist;
				IPHONEOS_DEPLOYMENT_TARGET = 12.1;
				LD_RUNPATH_SEARCH_PATHS = "$(inherited) @executable_path/Frameworks";
				LIBRARY_SEARCH_PATHS = (
					"$(inherited)",
					"\"${PODS_CONFIGURATION_BUILD_DIR}/CocoaAsyncSocket\"",
					"\"${PODS_CONFIGURATION_BUILD_DIR}/Flipper\"",
					"\"${PODS_CONFIGURATION_BUILD_DIR}/Flipper-Folly\"",
					"\"${PODS_CONFIGURATION_BUILD_DIR}/Flipper-PeerTalk\"",
					"\"${PODS_CONFIGURATION_BUILD_DIR}/Flipper-RSocket\"",
					"\"${PODS_CONFIGURATION_BUILD_DIR}/FlipperKit\"",
					"\"${PODS_CONFIGURATION_BUILD_DIR}/YogaKit\"",
					"\"${PODS_ROOT}/CocoaLibEvent/lib\"",
					"\"${PODS_ROOT}/OpenSSL-Universal/ios/lib\"",
					"\"${PODS_ROOT}/Realm/core\"",
					"\"$(TOOLCHAIN_DIR)/usr/lib/swift/$(PLATFORM_NAME)\"",
				);
				OTHER_CFLAGS = (
					"$(inherited)",
					"-DFB_SONARKIT_ENABLED=1",
				);
				OTHER_LDFLAGS = (
					"$(inherited)",
					"-lc++",
				);
				PRODUCT_BUNDLE_IDENTIFIER = "org.reactjs.native.BringgDriverSdkIosExample.$(PRODUCT_NAME:rfc1034identifier)";
				PRODUCT_NAME = BringgDriverSdkIosExample;
				SWIFT_OBJC_BRIDGING_HEADER = "BringgDriverSdkIosExample-Bridging-Header.h";
				SWIFT_OPTIMIZATION_LEVEL = "-Onone";
				SWIFT_VERSION = 5.0;
				VERSIONING_SYSTEM = "apple-generic";
			};
			name = Debug;
		};
		13B07F951A680F5B00A75B9A /* Release */ = {
			isa = XCBuildConfiguration;
			baseConfigurationReference = 4D7192F03A36A017E887435B /* Pods-BringgDriverSdkIosExample.release.xcconfig */;
			buildSettings = {
				ASSETCATALOG_COMPILER_APPICON_NAME = AppIcon;
				BUILD_LIBRARY_FOR_DISTRIBUTION = NO;
				CLANG_ENABLE_MODULES = YES;
				CURRENT_PROJECT_VERSION = 1;
				DEVELOPMENT_TEAM = CKS8FLBEB2;
				GCC_PREPROCESSOR_DEFINITIONS = (
					"$(inherited)",
					"COCOAPODS=1",
					"HAVE_GOOGLE_MAPS=1",
				);
				INFOPLIST_FILE = BringgDriverSdkIosExample/Info.plist;
				IPHONEOS_DEPLOYMENT_TARGET = 12.1;
				LD_RUNPATH_SEARCH_PATHS = "$(inherited) @executable_path/Frameworks";
				LIBRARY_SEARCH_PATHS = (
					"$(inherited)",
					"\"${PODS_CONFIGURATION_BUILD_DIR}/CocoaAsyncSocket\"",
					"\"${PODS_CONFIGURATION_BUILD_DIR}/Flipper\"",
					"\"${PODS_CONFIGURATION_BUILD_DIR}/Flipper-Folly\"",
					"\"${PODS_CONFIGURATION_BUILD_DIR}/Flipper-PeerTalk\"",
					"\"${PODS_CONFIGURATION_BUILD_DIR}/Flipper-RSocket\"",
					"\"${PODS_CONFIGURATION_BUILD_DIR}/YogaKit\"",
					"\"${PODS_ROOT}/CocoaLibEvent/lib\"",
					"\"${PODS_ROOT}/OpenSSL-Universal/ios/lib\"",
					"\"${PODS_ROOT}/Realm/core\"",
					"\"$(TOOLCHAIN_DIR)/usr/lib/swift/$(PLATFORM_NAME)\"",
				);
				OTHER_CFLAGS = (
					"$(inherited)",
					"-DFB_SONARKIT_ENABLED=1",
				);
				OTHER_LDFLAGS = (
					"$(inherited)",
					"-lc++",
				);
				PRODUCT_BUNDLE_IDENTIFIER = "org.reactjs.native.BringgDriverSdkIosExample.$(PRODUCT_NAME:rfc1034identifier)";
				PRODUCT_NAME = BringgDriverSdkIosExample;
				SWIFT_OBJC_BRIDGING_HEADER = "BringgDriverSdkIosExample-Bridging-Header.h";
				SWIFT_VERSION = 5.0;
				VERSIONING_SYSTEM = "apple-generic";
			};
			name = Release;
		};
		83CBBA201A601CBA00E9B192 /* Debug */ = {
			isa = XCBuildConfiguration;
			buildSettings = {
				ALWAYS_SEARCH_USER_PATHS = NO;
				CLANG_CXX_LANGUAGE_STANDARD = "gnu++0x";
				CLANG_CXX_LIBRARY = "libc++";
				CLANG_ENABLE_MODULES = YES;
				CLANG_ENABLE_OBJC_ARC = YES;
				CLANG_WARN_BLOCK_CAPTURE_AUTORELEASING = YES;
				CLANG_WARN_BOOL_CONVERSION = YES;
				CLANG_WARN_COMMA = YES;
				CLANG_WARN_CONSTANT_CONVERSION = YES;
				CLANG_WARN_DEPRECATED_OBJC_IMPLEMENTATIONS = YES;
				CLANG_WARN_DIRECT_OBJC_ISA_USAGE = YES_ERROR;
				CLANG_WARN_EMPTY_BODY = YES;
				CLANG_WARN_ENUM_CONVERSION = YES;
				CLANG_WARN_INFINITE_RECURSION = YES;
				CLANG_WARN_INT_CONVERSION = YES;
				CLANG_WARN_NON_LITERAL_NULL_CONVERSION = YES;
				CLANG_WARN_OBJC_IMPLICIT_RETAIN_SELF = YES;
				CLANG_WARN_OBJC_LITERAL_CONVERSION = YES;
				CLANG_WARN_OBJC_ROOT_CLASS = YES_ERROR;
				CLANG_WARN_RANGE_LOOP_ANALYSIS = YES;
				CLANG_WARN_STRICT_PROTOTYPES = YES;
				CLANG_WARN_SUSPICIOUS_MOVE = YES;
				CLANG_WARN_UNREACHABLE_CODE = YES;
				CLANG_WARN__DUPLICATE_METHOD_MATCH = YES;
				"CODE_SIGN_IDENTITY[sdk=iphoneos*]" = "iPhone Developer";
				COPY_PHASE_STRIP = NO;
				ENABLE_STRICT_OBJC_MSGSEND = YES;
				ENABLE_TESTABILITY = YES;
				GCC_C_LANGUAGE_STANDARD = gnu99;
				GCC_DYNAMIC_NO_PIC = NO;
				GCC_NO_COMMON_BLOCKS = YES;
				GCC_OPTIMIZATION_LEVEL = 0;
				GCC_PREPROCESSOR_DEFINITIONS = (
					"DEBUG=1",
					"$(inherited)",
				);
				GCC_SYMBOLS_PRIVATE_EXTERN = NO;
				GCC_WARN_64_TO_32_BIT_CONVERSION = YES;
				GCC_WARN_ABOUT_RETURN_TYPE = YES_ERROR;
				GCC_WARN_UNDECLARED_SELECTOR = YES;
				GCC_WARN_UNINITIALIZED_AUTOS = YES_AGGRESSIVE;
				GCC_WARN_UNUSED_FUNCTION = YES;
				GCC_WARN_UNUSED_VARIABLE = YES;
				IPHONEOS_DEPLOYMENT_TARGET = 12.1;
				MTL_ENABLE_DEBUG_INFO = YES;
				ONLY_ACTIVE_ARCH = YES;
				SDKROOT = iphoneos;
			};
			name = Debug;
		};
		83CBBA211A601CBA00E9B192 /* Release */ = {
			isa = XCBuildConfiguration;
			buildSettings = {
				ALWAYS_SEARCH_USER_PATHS = NO;
				CLANG_CXX_LANGUAGE_STANDARD = "gnu++0x";
				CLANG_CXX_LIBRARY = "libc++";
				CLANG_ENABLE_MODULES = YES;
				CLANG_ENABLE_OBJC_ARC = YES;
				CLANG_WARN_BLOCK_CAPTURE_AUTORELEASING = YES;
				CLANG_WARN_BOOL_CONVERSION = YES;
				CLANG_WARN_COMMA = YES;
				CLANG_WARN_CONSTANT_CONVERSION = YES;
				CLANG_WARN_DEPRECATED_OBJC_IMPLEMENTATIONS = YES;
				CLANG_WARN_DIRECT_OBJC_ISA_USAGE = YES_ERROR;
				CLANG_WARN_EMPTY_BODY = YES;
				CLANG_WARN_ENUM_CONVERSION = YES;
				CLANG_WARN_INFINITE_RECURSION = YES;
				CLANG_WARN_INT_CONVERSION = YES;
				CLANG_WARN_NON_LITERAL_NULL_CONVERSION = YES;
				CLANG_WARN_OBJC_IMPLICIT_RETAIN_SELF = YES;
				CLANG_WARN_OBJC_LITERAL_CONVERSION = YES;
				CLANG_WARN_OBJC_ROOT_CLASS = YES_ERROR;
				CLANG_WARN_RANGE_LOOP_ANALYSIS = YES;
				CLANG_WARN_STRICT_PROTOTYPES = YES;
				CLANG_WARN_SUSPICIOUS_MOVE = YES;
				CLANG_WARN_UNREACHABLE_CODE = YES;
				CLANG_WARN__DUPLICATE_METHOD_MATCH = YES;
				"CODE_SIGN_IDENTITY[sdk=iphoneos*]" = "iPhone Developer";
				COPY_PHASE_STRIP = YES;
				ENABLE_NS_ASSERTIONS = NO;
				ENABLE_STRICT_OBJC_MSGSEND = YES;
				GCC_C_LANGUAGE_STANDARD = gnu99;
				GCC_NO_COMMON_BLOCKS = YES;
				GCC_WARN_64_TO_32_BIT_CONVERSION = YES;
				GCC_WARN_ABOUT_RETURN_TYPE = YES_ERROR;
				GCC_WARN_UNDECLARED_SELECTOR = YES;
				GCC_WARN_UNINITIALIZED_AUTOS = YES_AGGRESSIVE;
				GCC_WARN_UNUSED_FUNCTION = YES;
				GCC_WARN_UNUSED_VARIABLE = YES;
				IPHONEOS_DEPLOYMENT_TARGET = 12.1;
				MTL_ENABLE_DEBUG_INFO = NO;
				SDKROOT = iphoneos;
				VALIDATE_PRODUCT = YES;
			};
			name = Release;
		};
/* End XCBuildConfiguration section */

/* Begin XCConfigurationList section */
		13B07F931A680F5B00A75B9A /* Build configuration list for PBXNativeTarget "BringgDriverSdkIosExample" */ = {
			isa = XCConfigurationList;
			buildConfigurations = (
				13B07F941A680F5B00A75B9A /* Debug */,
				13B07F951A680F5B00A75B9A /* Release */,
			);
			defaultConfigurationIsVisible = 0;
			defaultConfigurationName = Release;
		};
		83CBB9FA1A601CBA00E9B192 /* Build configuration list for PBXProject "BringgDriverSdkIosExample" */ = {
			isa = XCConfigurationList;
			buildConfigurations = (
				83CBBA201A601CBA00E9B192 /* Debug */,
				83CBBA211A601CBA00E9B192 /* Release */,
			);
			defaultConfigurationIsVisible = 0;
			defaultConfigurationName = Release;
		};
/* End XCConfigurationList section */
	};
	rootObject = 83CBB9F71A601CBA00E9B192 /* Project object */;
}
